<?xml version="1.0" encoding="UTF-8"?>
<Scheme
   LastUpgradeVersion = "1240"
   version = "1.3">
   <BuildAction
      parallelizeBuildables = "YES"
      buildImplicitDependencies = "YES">
      <BuildActionEntries>
         <BuildActionEntry
            buildForTesting = "YES"
            buildForRunning = "YES"
            buildForProfiling = "YES"
            buildForArchiving = "YES"
            buildForAnalyzing = "YES">
            <BuildableReference
               BuildableIdentifier = "primary"
               BlueprintIdentifier = "918D8D47239FFD0C0064AC83"
               BuildableName = "Hotelion.app"
               BlueprintName = "HotelionMain"
               ReferencedContainer = "container:HotelionMain.xcodeproj">
            </BuildableReference>
         </BuildActionEntry>
         <BuildActionEntry
            buildForTesting = "YES"
            buildForRunning = "YES"
            buildForProfiling = "YES"
            buildForArchiving = "YES"
            buildForAnalyzing = "YES">
            <BuildableReference
               BuildableIdentifier = "primary"
               BlueprintIdentifier = "91F0085025AF08A3001C9295"
               BuildableName = "HotelionFastCheckInTests.xctest"
               BlueprintName = "HotelionFastCheckInTests"
               ReferencedContainer = "container:../HotelionFastCheckIn/HotelionFastCheckIn.xcodeproj">
            </BuildableReference>
         </BuildActionEntry>
         <BuildActionEntry
            buildForTesting = "YES"
            buildForRunning = "YES"
            buildForProfiling = "YES"
            buildForArchiving = "YES"
            buildForAnalyzing = "YES">
            <BuildableReference
               BuildableIdentifier = "primary"
               BlueprintIdentifier = "918D8D5D239FFD0D0064AC83"
               BuildableName = "HotelionMainTests.xctest"
               BlueprintName = "HotelionMainTests"
               ReferencedContainer = "container:HotelionMain.xcodeproj">
            </BuildableReference>
         </BuildActionEntry>
         <BuildActionEntry
            buildForTesting = "YES"
            buildForRunning = "YES"
            buildForProfiling = "YES"
            buildForArchiving = "YES"
            buildForAnalyzing = "YES">
            <BuildableReference
               BuildableIdentifier = "primary"
               BlueprintIdentifier = "91DBCAF7255AA12D00B59668"
               BuildableName = "HotelionAuthTests.xctest"
               BlueprintName = "HotelionAuthTests"
               ReferencedContainer = "container:../HotelionAuth/HotelionAuth.xcodeproj">
            </BuildableReference>
         </BuildActionEntry>
         <BuildActionEntry
            buildForTesting = "YES"
            buildForRunning = "YES"
            buildForProfiling = "YES"
            buildForArchiving = "YES"
            buildForAnalyzing = "YES">
            <BuildableReference
               BuildableIdentifier = "primary"
               BlueprintIdentifier = "91DBCB69255AA1FD00B59668"
               BuildableName = "HotelionCommonTests.xctest"
               BlueprintName = "HotelionCommonTests"
               ReferencedContainer = "container:../HotelionCommon/HotelionCommon.xcodeproj">
            </BuildableReference>
         </BuildActionEntry>
         <BuildActionEntry
            buildForTesting = "YES"
            buildForRunning = "YES"
            buildForProfiling = "YES"
            buildForArchiving = "YES"
            buildForAnalyzing = "YES">
            <BuildableReference
               BuildableIdentifier = "primary"
               BlueprintIdentifier = "91043466256E943B0035A9BF"
               BuildableName = "HotelionOrdersTests.xctest"
               BlueprintName = "HotelionOrdersTests"
               ReferencedContainer = "container:../HotelionOrders/HotelionOrders.xcodeproj">
            </BuildableReference>
         </BuildActionEntry>
         <BuildActionEntry
            buildForTesting = "YES"
            buildForRunning = "YES"
            buildForProfiling = "YES"
            buildForArchiving = "YES"
            buildForAnalyzing = "YES">
            <BuildableReference
               BuildableIdentifier = "primary"
               BlueprintIdentifier = "91614C47255EBB320021417D"
               BuildableName = "HotelionServicesTests.xctest"
               BlueprintName = "HotelionServicesTests"
               ReferencedContainer = "container:../HotelionServices/HotelionServices.xcodeproj">
            </BuildableReference>
         </BuildActionEntry>
         <BuildActionEntry
            buildForTesting = "YES"
            buildForRunning = "YES"
            buildForProfiling = "YES"
            buildForArchiving = "YES"
            buildForAnalyzing = "YES">
            <BuildableReference
               BuildableIdentifier = "primary"
               BlueprintIdentifier = "9181AFD925CD70B50012901B"
               BuildableName = "HotelionProfileTests.xctest"
               BlueprintName = "HotelionProfileTests"
               ReferencedContainer = "container:../HotelionProfile/HotelionProfile.xcodeproj">
            </BuildableReference>
         </BuildActionEntry>
      </BuildActionEntries>
   </BuildAction>
   <TestAction
      buildConfiguration = "Debug"
      selectedDebuggerIdentifier = "Xcode.DebuggerFoundation.Debugger.LLDB"
      selectedLauncherIdentifier = "Xcode.DebuggerFoundation.Launcher.LLDB"
      shouldUseLaunchSchemeArgsEnv = "YES">
      <Testables>
         <TestableReference
            skipped = "NO">
            <BuildableReference
               BuildableIdentifier = "primary"
               BlueprintIdentifier = "918D8D5D239FFD0D0064AC83"
               BuildableName = "HotelionMainTests.xctest"
               BlueprintName = "HotelionMainTests"
               ReferencedContainer = "container:HotelionMain.xcodeproj">
            </BuildableReference>
         </TestableReference>
         <TestableReference
            skipped = "NO">
            <BuildableReference
               BuildableIdentifier = "primary"
               BlueprintIdentifier = "91DBCAF7255AA12D00B59668"
               BuildableName = "HotelionAuthTests.xctest"
               BlueprintName = "HotelionAuthTests"
               ReferencedContainer = "container:../HotelionAuth/HotelionAuth.xcodeproj">
            </BuildableReference>
         </TestableReference>
         <TestableReference
            skipped = "NO">
            <BuildableReference
               BuildableIdentifier = "primary"
               BlueprintIdentifier = "91DBCB69255AA1FD00B59668"
               BuildableName = "HotelionCommonTests.xctest"
               BlueprintName = "HotelionCommonTests"
               ReferencedContainer = "container:../HotelionCommon/HotelionCommon.xcodeproj">
            </BuildableReference>
         </TestableReference>
         <TestableReference
            skipped = "NO">
            <BuildableReference
               BuildableIdentifier = "primary"
               BlueprintIdentifier = "91043466256E943B0035A9BF"
               BuildableName = "HotelionOrdersTests.xctest"
               BlueprintName = "HotelionOrdersTests"
               ReferencedContainer = "container:../HotelionOrders/HotelionOrders.xcodeproj">
            </BuildableReference>
         </TestableReference>
         <TestableReference
            skipped = "NO">
            <BuildableReference
               BuildableIdentifier = "primary"
               BlueprintIdentifier = "91614C47255EBB320021417D"
               BuildableName = "HotelionServicesTests.xctest"
               BlueprintName = "HotelionServicesTests"
               ReferencedContainer = "container:../HotelionServices/HotelionServices.xcodeproj">
            </BuildableReference>
         </TestableReference>
      </Testables>
   </TestAction>
   <LaunchAction
      buildConfiguration = "Debug"
      selectedDebuggerIdentifier = "Xcode.DebuggerFoundation.Debugger.LLDB"
      selectedLauncherIdentifier = "Xcode.DebuggerFoundation.Launcher.LLDB"
      launchStyle = "0"
      useCustomWorkingDirectory = "NO"
      ignoresPersistentStateOnLaunch = "NO"
      debugDocumentVersioning = "YES"
      debugServiceExtension = "internal"
      allowLocationSimulation = "YES">
      <BuildableProductRunnable
         runnableDebuggingMode = "0">
         <BuildableReference
            BuildableIdentifier = "primary"
            BlueprintIdentifier = "918D8D47239FFD0C0064AC83"
            BuildableName = "Hotelion.app"
            BlueprintName = "HotelionMain"
            ReferencedContainer = "container:HotelionMain.xcodeproj">
         </BuildableReference>
      </BuildableProductRunnable>
   </LaunchAction>
   <ProfileAction
      buildConfiguration = "Release"
      shouldUseLaunchSchemeArgsEnv = "YES"
      savedToolIdentifier = ""
      useCustomWorkingDirectory = "NO"
      debugDocumentVersioning = "YES">
      <BuildableProductRunnable
         runnableDebuggingMode = "0">
         <BuildableReference
            BuildableIdentifier = "primary"
            BlueprintIdentifier = "918D8D47239FFD0C0064AC83"
            BuildableName = "Hotelion.app"
            BlueprintName = "HotelionMain"
            ReferencedContainer = "container:HotelionMain.xcodeproj">
         </BuildableReference>
      </BuildableProductRunnable>
   </ProfileAction>
   <AnalyzeAction
      buildConfiguration = "Debug">
   </AnalyzeAction>
   <ArchiveAction
      buildConfiguration = "Release"
      revealArchiveInOrganizer = "YES">
   </ArchiveAction>
</Scheme>
