// !$*UTF8*$!
{
	archiveVersion = 1;
	classes = {
	};
	objectVersion = 50;
	objects = {

/* Begin PBXBuildFile section */
		75DFD2AC62084A96CDC072DF /* Pods_HotelionMain_HotelionAuth.framework in Frameworks */ = {isa = PBXBuildFile; fileRef = 1A8210EAAD872D1278EF8069 /* Pods_HotelionMain_HotelionAuth.framework */; };
		91241DF4255C088800643663 /* Assets.xcassets in Resources */ = {isa = PBXBuildFile; fileRef = 91241DF3255C088800643663 /* Assets.xcassets */; };
		91584A84255BE29F00AF07C7 /* LoginInfo.swift in Sources */ = {isa = PBXBuildFile; fileRef = 91584A83255BE29F00AF07C7 /* LoginInfo.swift */; };
		91584A87255BE32B00AF07C7 /* Auth.storyboard in Resources */ = {isa = PBXBuildFile; fileRef = 91584A86255BE32B00AF07C7 /* Auth.storyboard */; };
		91DBCAF9255AA12D00B59668 /* HotelionAuth.framework in Frameworks */ = {isa = PBXBuildFile; fileRef = 91DBCAEF255AA12D00B59668 /* HotelionAuth.framework */; };
		91DBCAFE255AA12D00B59668 /* HotelionAuthTests.swift in Sources */ = {isa = PBXBuildFile; fileRef = 91DBCAFD255AA12D00B59668 /* HotelionAuthTests.swift */; };
		91DBCB00255AA12D00B59668 /* HotelionAuth.h in Headers */ = {isa = PBXBuildFile; fileRef = 91DBCAF2255AA12D00B59668 /* HotelionAuth.h */; settings = {ATTRIBUTES = (Public, ); }; };
		91DBCB2A255AA1BD00B59668 /* ForgotPasswordViewController.swift in Sources */ = {isa = PBXBuildFile; fileRef = 91DBCB19255AA1BD00B59668 /* ForgotPasswordViewController.swift */; };
		91DBCB2B255AA1BD00B59668 /* ForgotPasswordViewModel.swift in Sources */ = {isa = PBXBuildFile; fileRef = 91DBCB1A255AA1BD00B59668 /* ForgotPasswordViewModel.swift */; };
		91DBCB2C255AA1BD00B59668 /* LoginViewModel.swift in Sources */ = {isa = PBXBuildFile; fileRef = 91DBCB1C255AA1BD00B59668 /* LoginViewModel.swift */; };
		91DBCB2D255AA1BD00B59668 /* LoginUsingSocialNetwork.swift in Sources */ = {isa = PBXBuildFile; fileRef = 91DBCB1D255AA1BD00B59668 /* LoginUsingSocialNetwork.swift */; };
		91DBCB2E255AA1BD00B59668 /* LoginViewController.swift in Sources */ = {isa = PBXBuildFile; fileRef = 91DBCB1E255AA1BD00B59668 /* LoginViewController.swift */; };
		91DBCB2F255AA1BD00B59668 /* RegistrationViewController.swift in Sources */ = {isa = PBXBuildFile; fileRef = 91DBCB21255AA1BD00B59668 /* RegistrationViewController.swift */; };
		91DBCB30255AA1BD00B59668 /* RegisterViewModel.swift in Sources */ = {isa = PBXBuildFile; fileRef = 91DBCB22255AA1BD00B59668 /* RegisterViewModel.swift */; };
		91DBCB81255AA22300B59668 /* HotelionCommon.framework in Frameworks */ = {isa = PBXBuildFile; fileRef = 91DBCB80255AA22300B59668 /* HotelionCommon.framework */; };
		91DBCB82255AA22300B59668 /* HotelionCommon.framework in Embed Frameworks */ = {isa = PBXBuildFile; fileRef = 91DBCB80255AA22300B59668 /* HotelionCommon.framework */; settings = {ATTRIBUTES = (CodeSignOnCopy, RemoveHeadersOnCopy, ); }; };
/* End PBXBuildFile section */

/* Begin PBXContainerItemProxy section */
		91DBCAFA255AA12D00B59668 /* PBXContainerItemProxy */ = {
			isa = PBXContainerItemProxy;
			containerPortal = 91DBCAE6255AA12D00B59668 /* Project object */;
			proxyType = 1;
			remoteGlobalIDString = 91DBCAEE255AA12D00B59668;
			remoteInfo = HotelionAuth;
		};
/* End PBXContainerItemProxy section */

/* Begin PBXCopyFilesBuildPhase section */
		91DBCB83255AA22300B59668 /* Embed Frameworks */ = {
			isa = PBXCopyFilesBuildPhase;
			buildActionMask = 2147483647;
			dstPath = "";
			dstSubfolderSpec = 10;
			files = (
				91DBCB82255AA22300B59668 /* HotelionCommon.framework in Embed Frameworks */,
			);
			name = "Embed Frameworks";
			runOnlyForDeploymentPostprocessing = 0;
		};
/* End PBXCopyFilesBuildPhase section */

/* Begin PBXFileReference section */
		1A8210EAAD872D1278EF8069 /* Pods_HotelionMain_HotelionAuth.framework */ = {isa = PBXFileReference; explicitFileType = wrapper.framework; includeInIndex = 0; path = Pods_HotelionMain_HotelionAuth.framework; sourceTree = BUILT_PRODUCTS_DIR; };
		4E977E750D5966A00F1B91FF /* Pods-HotelionMain-HotelionAuth.release.xcconfig */ = {isa = PBXFileReference; includeInIndex = 1; lastKnownFileType = text.xcconfig; name = "Pods-HotelionMain-HotelionAuth.release.xcconfig"; path = "Target Support Files/Pods-HotelionMain-HotelionAuth/Pods-HotelionMain-HotelionAuth.release.xcconfig"; sourceTree = "<group>"; };
		7EA73E1AE40CD25D04D45E72 /* Pods-HotelionMain-HotelionAuth.debug.xcconfig */ = {isa = PBXFileReference; includeInIndex = 1; lastKnownFileType = text.xcconfig; name = "Pods-HotelionMain-HotelionAuth.debug.xcconfig"; path = "Target Support Files/Pods-HotelionMain-HotelionAuth/Pods-HotelionMain-HotelionAuth.debug.xcconfig"; sourceTree = "<group>"; };
		91241DF3255C088800643663 /* Assets.xcassets */ = {isa = PBXFileReference; lastKnownFileType = folder.assetcatalog; path = Assets.xcassets; sourceTree = "<group>"; };
		91584A83255BE29F00AF07C7 /* LoginInfo.swift */ = {isa = PBXFileReference; fileEncoding = 4; lastKnownFileType = sourcecode.swift; path = LoginInfo.swift; sourceTree = "<group>"; };
		91584A86255BE32B00AF07C7 /* Auth.storyboard */ = {isa = PBXFileReference; fileEncoding = 4; lastKnownFileType = file.storyboard; path = Auth.storyboard; sourceTree = "<group>"; };
		91DBCAEF255AA12D00B59668 /* HotelionAuth.framework */ = {isa = PBXFileReference; explicitFileType = wrapper.framework; includeInIndex = 0; path = HotelionAuth.framework; sourceTree = BUILT_PRODUCTS_DIR; };
		91DBCAF2255AA12D00B59668 /* HotelionAuth.h */ = {isa = PBXFileReference; lastKnownFileType = sourcecode.c.h; path = HotelionAuth.h; sourceTree = "<group>"; };
		91DBCAF3255AA12D00B59668 /* Info.plist */ = {isa = PBXFileReference; lastKnownFileType = text.plist.xml; path = Info.plist; sourceTree = "<group>"; };
		91DBCAF8255AA12D00B59668 /* HotelionAuthTests.xctest */ = {isa = PBXFileReference; explicitFileType = wrapper.cfbundle; includeInIndex = 0; path = HotelionAuthTests.xctest; sourceTree = BUILT_PRODUCTS_DIR; };
		91DBCAFD255AA12D00B59668 /* HotelionAuthTests.swift */ = {isa = PBXFileReference; lastKnownFileType = sourcecode.swift; path = HotelionAuthTests.swift; sourceTree = "<group>"; };
		91DBCAFF255AA12D00B59668 /* Info.plist */ = {isa = PBXFileReference; lastKnownFileType = text.plist.xml; path = Info.plist; sourceTree = "<group>"; };
		91DBCB19255AA1BD00B59668 /* ForgotPasswordViewController.swift */ = {isa = PBXFileReference; fileEncoding = 4; lastKnownFileType = sourcecode.swift; path = ForgotPasswordViewController.swift; sourceTree = "<group>"; };
		91DBCB1A255AA1BD00B59668 /* ForgotPasswordViewModel.swift */ = {isa = PBXFileReference; fileEncoding = 4; lastKnownFileType = sourcecode.swift; path = ForgotPasswordViewModel.swift; sourceTree = "<group>"; };
		91DBCB1C255AA1BD00B59668 /* LoginViewModel.swift */ = {isa = PBXFileReference; fileEncoding = 4; lastKnownFileType = sourcecode.swift; path = LoginViewModel.swift; sourceTree = "<group>"; };
		91DBCB1D255AA1BD00B59668 /* LoginUsingSocialNetwork.swift */ = {isa = PBXFileReference; fileEncoding = 4; lastKnownFileType = sourcecode.swift; path = LoginUsingSocialNetwork.swift; sourceTree = "<group>"; };
		91DBCB1E255AA1BD00B59668 /* LoginViewController.swift */ = {isa = PBXFileReference; fileEncoding = 4; lastKnownFileType = sourcecode.swift; path = LoginViewController.swift; sourceTree = "<group>"; };
		91DBCB21255AA1BD00B59668 /* RegistrationViewController.swift */ = {isa = PBXFileReference; fileEncoding = 4; lastKnownFileType = sourcecode.swift; path = RegistrationViewController.swift; sourceTree = "<group>"; };
		91DBCB22255AA1BD00B59668 /* RegisterViewModel.swift */ = {isa = PBXFileReference; fileEncoding = 4; lastKnownFileType = sourcecode.swift; path = RegisterViewModel.swift; sourceTree = "<group>"; };
		91DBCB80255AA22300B59668 /* HotelionCommon.framework */ = {isa = PBXFileReference; explicitFileType = wrapper.framework; path = HotelionCommon.framework; sourceTree = BUILT_PRODUCTS_DIR; };
/* End PBXFileReference section */

/* Begin PBXFrameworksBuildPhase section */
		91DBCAEC255AA12D00B59668 /* Frameworks */ = {
			isa = PBXFrameworksBuildPhase;
			buildActionMask = 2147483647;
			files = (
				91DBCB81255AA22300B59668 /* HotelionCommon.framework in Frameworks */,
				75DFD2AC62084A96CDC072DF /* Pods_HotelionMain_HotelionAuth.framework in Frameworks */,
			);
			runOnlyForDeploymentPostprocessing = 0;
		};
		91DBCAF5255AA12D00B59668 /* Frameworks */ = {
			isa = PBXFrameworksBuildPhase;
			buildActionMask = 2147483647;
			files = (
				91DBCAF9255AA12D00B59668 /* HotelionAuth.framework in Frameworks */,
			);
			runOnlyForDeploymentPostprocessing = 0;
		};
/* End PBXFrameworksBuildPhase section */

/* Begin PBXGroup section */
		658860536C1F9265209DCCFB /* Pods */ = {
			isa = PBXGroup;
			children = (
				7EA73E1AE40CD25D04D45E72 /* Pods-HotelionMain-HotelionAuth.debug.xcconfig */,
				4E977E750D5966A00F1B91FF /* Pods-HotelionMain-HotelionAuth.release.xcconfig */,
			);
			name = Pods;
			path = ../HotelionMain/Pods;
			sourceTree = "<group>";
		};
		91584A82255BE29F00AF07C7 /* Models */ = {
			isa = PBXGroup;
			children = (
				91584A83255BE29F00AF07C7 /* LoginInfo.swift */,
			);
			path = Models;
			sourceTree = "<group>";
		};
		91584ABD255BE65100AF07C7 /* Storyboards */ = {
			isa = PBXGroup;
			children = (
				91584A86255BE32B00AF07C7 /* Auth.storyboard */,
			);
			path = Storyboards;
			sourceTree = "<group>";
		};
		91584BA8255BF56F00AF07C7 /* LoginUsingSocialNetwork */ = {
			isa = PBXGroup;
			children = (
				91DBCB1D255AA1BD00B59668 /* LoginUsingSocialNetwork.swift */,
			);
			path = LoginUsingSocialNetwork;
			sourceTree = "<group>";
		};
		91DBCAE5255AA12D00B59668 = {
			isa = PBXGroup;
			children = (
				91DBCAF1255AA12D00B59668 /* HotelionAuth */,
				91DBCAFC255AA12D00B59668 /* HotelionAuthTests */,
				91DBCAF0255AA12D00B59668 /* Products */,
				91DBCB7F255AA22300B59668 /* Frameworks */,
				658860536C1F9265209DCCFB /* Pods */,
			);
			sourceTree = "<group>";
		};
		91DBCAF0255AA12D00B59668 /* Products */ = {
			isa = PBXGroup;
			children = (
				91DBCAEF255AA12D00B59668 /* HotelionAuth.framework */,
				91DBCAF8255AA12D00B59668 /* HotelionAuthTests.xctest */,
			);
			name = Products;
			sourceTree = "<group>";
		};
		91DBCAF1255AA12D00B59668 /* HotelionAuth */ = {
			isa = PBXGroup;
			children = (
				91584ABD255BE65100AF07C7 /* Storyboards */,
				91584A82255BE29F00AF07C7 /* Models */,
				91DBCB17255AA1BD00B59668 /* Features */,
				91DBCAF2255AA12D00B59668 /* HotelionAuth.h */,
				91241DF3255C088800643663 /* Assets.xcassets */,
				91DBCAF3255AA12D00B59668 /* Info.plist */,
			);
			path = HotelionAuth;
			sourceTree = "<group>";
		};
		91DBCAFC255AA12D00B59668 /* HotelionAuthTests */ = {
			isa = PBXGroup;
			children = (
				91DBCAFD255AA12D00B59668 /* HotelionAuthTests.swift */,
				91DBCAFF255AA12D00B59668 /* Info.plist */,
			);
			path = HotelionAuthTests;
			sourceTree = "<group>";
		};
		91DBCB17255AA1BD00B59668 /* Features */ = {
			isa = PBXGroup;
			children = (
				91584BA8255BF56F00AF07C7 /* LoginUsingSocialNetwork */,
				91DBCB1B255AA1BD00B59668 /* LoginViewController */,
				91DBCB18255AA1BD00B59668 /* ForgotPasswordViewController */,
				91DBCB1F255AA1BD00B59668 /* Registration */,
			);
			path = Features;
			sourceTree = "<group>";
		};
		91DBCB18255AA1BD00B59668 /* ForgotPasswordViewController */ = {
			isa = PBXGroup;
			children = (
				91DBCB19255AA1BD00B59668 /* ForgotPasswordViewController.swift */,
				91DBCB1A255AA1BD00B59668 /* ForgotPasswordViewModel.swift */,
			);
			path = ForgotPasswordViewController;
			sourceTree = "<group>";
		};
		91DBCB1B255AA1BD00B59668 /* LoginViewController */ = {
			isa = PBXGroup;
			children = (
				91DBCB1E255AA1BD00B59668 /* LoginViewController.swift */,
				91DBCB1C255AA1BD00B59668 /* LoginViewModel.swift */,
			);
			path = LoginViewController;
			sourceTree = "<group>";
		};
		91DBCB1F255AA1BD00B59668 /* Registration */ = {
			isa = PBXGroup;
			children = (
				91DBCB21255AA1BD00B59668 /* RegistrationViewController.swift */,
				91DBCB22255AA1BD00B59668 /* RegisterViewModel.swift */,
			);
			path = Registration;
			sourceTree = "<group>";
		};
		91DBCB7F255AA22300B59668 /* Frameworks */ = {
			isa = PBXGroup;
			children = (
				91DBCB80255AA22300B59668 /* HotelionCommon.framework */,
				1A8210EAAD872D1278EF8069 /* Pods_HotelionMain_HotelionAuth.framework */,
			);
			name = Frameworks;
			sourceTree = "<group>";
		};
/* End PBXGroup section */

/* Begin PBXHeadersBuildPhase section */
		91DBCAEA255AA12D00B59668 /* Headers */ = {
			isa = PBXHeadersBuildPhase;
			buildActionMask = 2147483647;
			files = (
				91DBCB00255AA12D00B59668 /* HotelionAuth.h in Headers */,
			);
			runOnlyForDeploymentPostprocessing = 0;
		};
/* End PBXHeadersBuildPhase section */

/* Begin PBXNativeTarget section */
		91DBCAEE255AA12D00B59668 /* HotelionAuth */ = {
			isa = PBXNativeTarget;
			buildConfigurationList = 91DBCB03255AA12D00B59668 /* Build configuration list for PBXNativeTarget "HotelionAuth" */;
			buildPhases = (
				02F18C5DE1D4F28DBFE66B09 /* [CP] Check Pods Manifest.lock */,
				91DBCAEA255AA12D00B59668 /* Headers */,
				91DBCAEB255AA12D00B59668 /* Sources */,
				91DBCAEC255AA12D00B59668 /* Frameworks */,
				91DBCAED255AA12D00B59668 /* Resources */,
				91DBCB83255AA22300B59668 /* Embed Frameworks */,
			);
			buildRules = (
			);
			dependencies = (
			);
			name = HotelionAuth;
			productName = HotelionAuth;
			productReference = 91DBCAEF255AA12D00B59668 /* HotelionAuth.framework */;
			productType = "com.apple.product-type.framework";
		};
		91DBCAF7255AA12D00B59668 /* HotelionAuthTests */ = {
			isa = PBXNativeTarget;
			buildConfigurationList = 91DBCB06255AA12D00B59668 /* Build configuration list for PBXNativeTarget "HotelionAuthTests" */;
			buildPhases = (
				91DBCAF4255AA12D00B59668 /* Sources */,
				91DBCAF5255AA12D00B59668 /* Frameworks */,
				91DBCAF6255AA12D00B59668 /* Resources */,
			);
			buildRules = (
			);
			dependencies = (
				91DBCAFB255AA12D00B59668 /* PBXTargetDependency */,
			);
			name = HotelionAuthTests;
			productName = HotelionAuthTests;
			productReference = 91DBCAF8255AA12D00B59668 /* HotelionAuthTests.xctest */;
			productType = "com.apple.product-type.bundle.unit-test";
		};
/* End PBXNativeTarget section */

/* Begin PBXProject section */
		91DBCAE6255AA12D00B59668 /* Project object */ = {
			isa = PBXProject;
			attributes = {
				LastSwiftUpdateCheck = 1200;
				LastUpgradeCheck = 1200;
				TargetAttributes = {
					91DBCAEE255AA12D00B59668 = {
						CreatedOnToolsVersion = 12.0;
					};
					91DBCAF7255AA12D00B59668 = {
						CreatedOnToolsVersion = 12.0;
					};
				};
			};
			buildConfigurationList = 91DBCAE9255AA12D00B59668 /* Build configuration list for PBXProject "HotelionAuth" */;
			compatibilityVersion = "Xcode 9.3";
			developmentRegion = en;
			hasScannedForEncodings = 0;
			knownRegions = (
				en,
				Base,
			);
			mainGroup = 91DBCAE5255AA12D00B59668;
			productRefGroup = 91DBCAF0255AA12D00B59668 /* Products */;
			projectDirPath = "";
			projectRoot = "";
			targets = (
				91DBCAEE255AA12D00B59668 /* HotelionAuth */,
				91DBCAF7255AA12D00B59668 /* HotelionAuthTests */,
			);
		};
/* End PBXProject section */

/* Begin PBXResourcesBuildPhase section */
		91DBCAED255AA12D00B59668 /* Resources */ = {
			isa = PBXResourcesBuildPhase;
			buildActionMask = 2147483647;
			files = (
				91241DF4255C088800643663 /* Assets.xcassets in Resources */,
				91584A87255BE32B00AF07C7 /* Auth.storyboard in Resources */,
			);
			runOnlyForDeploymentPostprocessing = 0;
		};
		91DBCAF6255AA12D00B59668 /* Resources */ = {
			isa = PBXResourcesBuildPhase;
			buildActionMask = 2147483647;
			files = (
			);
			runOnlyForDeploymentPostprocessing = 0;
		};
/* End PBXResourcesBuildPhase section */

/* Begin PBXShellScriptBuildPhase section */
		02F18C5DE1D4F28DBFE66B09 /* [CP] Check Pods Manifest.lock */ = {
			isa = PBXShellScriptBuildPhase;
			buildActionMask = 2147483647;
			files = (
			);
			inputFileListPaths = (
			);
			inputPaths = (
				"${PODS_PODFILE_DIR_PATH}/Podfile.lock",
				"${PODS_ROOT}/Manifest.lock",
			);
			name = "[CP] Check Pods Manifest.lock";
			outputFileListPaths = (
			);
			outputPaths = (
				"$(DERIVED_FILE_DIR)/Pods-HotelionMain-HotelionAuth-checkManifestLockResult.txt",
			);
			runOnlyForDeploymentPostprocessing = 0;
			shellPath = /bin/sh;
			shellScript = "diff \"${PODS_PODFILE_DIR_PATH}/Podfile.lock\" \"${PODS_ROOT}/Manifest.lock\" > /dev/null\nif [ $? != 0 ] ; then\n    # print error to STDERR\n    echo \"error: The sandbox is not in sync with the Podfile.lock. Run 'pod install' or update your CocoaPods installation.\" >&2\n    exit 1\nfi\n# This output is used by Xcode 'outputs' to avoid re-running this script phase.\necho \"SUCCESS\" > \"${SCRIPT_OUTPUT_FILE_0}\"\n";
			showEnvVarsInLog = 0;
		};
/* End PBXShellScriptBuildPhase section */

/* Begin PBXSourcesBuildPhase section */
		91DBCAEB255AA12D00B59668 /* Sources */ = {
			isa = PBXSourcesBuildPhase;
			buildActionMask = 2147483647;
			files = (
				91584A84255BE29F00AF07C7 /* LoginInfo.swift in Sources */,
				91DBCB2F255AA1BD00B59668 /* RegistrationViewController.swift in Sources */,
				91DBCB2B255AA1BD00B59668 /* ForgotPasswordViewModel.swift in Sources */,
				91DBCB30255AA1BD00B59668 /* RegisterViewModel.swift in Sources */,
				91DBCB2A255AA1BD00B59668 /* ForgotPasswordViewController.swift in Sources */,
				91DBCB2C255AA1BD00B59668 /* LoginViewModel.swift in Sources */,
				91DBCB2E255AA1BD00B59668 /* LoginViewController.swift in Sources */,
				91DBCB2D255AA1BD00B59668 /* LoginUsingSocialNetwork.swift in Sources */,
			);
			runOnlyForDeploymentPostprocessing = 0;
		};
		91DBCAF4255AA12D00B59668 /* Sources */ = {
			isa = PBXSourcesBuildPhase;
			buildActionMask = 2147483647;
			files = (
				91DBCAFE255AA12D00B59668 /* HotelionAuthTests.swift in Sources */,
			);
			runOnlyForDeploymentPostprocessing = 0;
		};
/* End PBXSourcesBuildPhase section */

/* Begin PBXTargetDependency section */
		91DBCAFB255AA12D00B59668 /* PBXTargetDependency */ = {
			isa = PBXTargetDependency;
			target = 91DBCAEE255AA12D00B59668 /* HotelionAuth */;
			targetProxy = 91DBCAFA255AA12D00B59668 /* PBXContainerItemProxy */;
		};
/* End PBXTargetDependency section */

/* Begin XCBuildConfiguration section */
		91DBCB01255AA12D00B59668 /* Debug */ = {
			isa = XCBuildConfiguration;
			buildSettings = {
				ALWAYS_SEARCH_USER_PATHS = NO;
				CLANG_ANALYZER_NONNULL = YES;
				CLANG_ANALYZER_NUMBER_OBJECT_CONVERSION = YES_AGGRESSIVE;
				CLANG_CXX_LANGUAGE_STANDARD = "gnu++14";
				CLANG_CXX_LIBRARY = "libc++";
				CLANG_ENABLE_MODULES = YES;
				CLANG_ENABLE_OBJC_ARC = YES;
				CLANG_ENABLE_OBJC_WEAK = YES;
				CLANG_WARN_BLOCK_CAPTURE_AUTORELEASING = YES;
				CLANG_WARN_BOOL_CONVERSION = YES;
				CLANG_WARN_COMMA = YES;
				CLANG_WARN_CONSTANT_CONVERSION = YES;
				CLANG_WARN_DEPRECATED_OBJC_IMPLEMENTATIONS = YES;
				CLANG_WARN_DIRECT_OBJC_ISA_USAGE = YES_ERROR;
				CLANG_WARN_DOCUMENTATION_COMMENTS = YES;
				CLANG_WARN_EMPTY_BODY = YES;
				CLANG_WARN_ENUM_CONVERSION = YES;
				CLANG_WARN_INFINITE_RECURSION = YES;
				CLANG_WARN_INT_CONVERSION = YES;
				CLANG_WARN_NON_LITERAL_NULL_CONVERSION = YES;
				CLANG_WARN_OBJC_IMPLICIT_RETAIN_SELF = YES;
				CLANG_WARN_OBJC_LITERAL_CONVERSION = YES;
				CLANG_WARN_OBJC_ROOT_CLASS = YES_ERROR;
				CLANG_WARN_QUOTED_INCLUDE_IN_FRAMEWORK_HEADER = YES;
				CLANG_WARN_RANGE_LOOP_ANALYSIS = YES;
				CLANG_WARN_STRICT_PROTOTYPES = YES;
				CLANG_WARN_SUSPICIOUS_MOVE = YES;
				CLANG_WARN_UNGUARDED_AVAILABILITY = YES_AGGRESSIVE;
				CLANG_WARN_UNREACHABLE_CODE = YES;
				CLANG_WARN__DUPLICATE_METHOD_MATCH = YES;
				COPY_PHASE_STRIP = NO;
				CURRENT_PROJECT_VERSION = 1;
				DEBUG_INFORMATION_FORMAT = dwarf;
				ENABLE_STRICT_OBJC_MSGSEND = YES;
				ENABLE_TESTABILITY = YES;
				GCC_C_LANGUAGE_STANDARD = gnu11;
				GCC_DYNAMIC_NO_PIC = NO;
				GCC_NO_COMMON_BLOCKS = YES;
				GCC_OPTIMIZATION_LEVEL = 0;
				GCC_PREPROCESSOR_DEFINITIONS = (
					"DEBUG=1",
					"$(inherited)",
				);
				GCC_WARN_64_TO_32_BIT_CONVERSION = YES;
				GCC_WARN_ABOUT_RETURN_TYPE = YES_ERROR;
				GCC_WARN_UNDECLARED_SELECTOR = YES;
				GCC_WARN_UNINITIALIZED_AUTOS = YES_AGGRESSIVE;
				GCC_WARN_UNUSED_FUNCTION = YES;
				GCC_WARN_UNUSED_VARIABLE = YES;
				IPHONEOS_DEPLOYMENT_TARGET = 13.2;
				MTL_ENABLE_DEBUG_INFO = INCLUDE_SOURCE;
				MTL_FAST_MATH = YES;
				ONLY_ACTIVE_ARCH = YES;
				SDKROOT = iphoneos;
				SWIFT_ACTIVE_COMPILATION_CONDITIONS = DEBUG;
				SWIFT_OPTIMIZATION_LEVEL = "-Onone";
				VERSIONING_SYSTEM = "apple-generic";
				VERSION_INFO_PREFIX = "";
			};
			name = Debug;
		};
		91DBCB02255AA12D00B59668 /* Release */ = {
			isa = XCBuildConfiguration;
			buildSettings = {
				ALWAYS_SEARCH_USER_PATHS = NO;
				CLANG_ANALYZER_NONNULL = YES;
				CLANG_ANALYZER_NUMBER_OBJECT_CONVERSION = YES_AGGRESSIVE;
				CLANG_CXX_LANGUAGE_STANDARD = "gnu++14";
				CLANG_CXX_LIBRARY = "libc++";
				CLANG_ENABLE_MODULES = YES;
				CLANG_ENABLE_OBJC_ARC = YES;
				CLANG_ENABLE_OBJC_WEAK = YES;
				CLANG_WARN_BLOCK_CAPTURE_AUTORELEASING = YES;
				CLANG_WARN_BOOL_CONVERSION = YES;
				CLANG_WARN_COMMA = YES;
				CLANG_WARN_CONSTANT_CONVERSION = YES;
				CLANG_WARN_DEPRECATED_OBJC_IMPLEMENTATIONS = YES;
				CLANG_WARN_DIRECT_OBJC_ISA_USAGE = YES_ERROR;
				CLANG_WARN_DOCUMENTATION_COMMENTS = YES;
				CLANG_WARN_EMPTY_BODY = YES;
				CLANG_WARN_ENUM_CONVERSION = YES;
				CLANG_WARN_INFINITE_RECURSION = YES;
				CLANG_WARN_INT_CONVERSION = YES;
				CLANG_WARN_NON_LITERAL_NULL_CONVERSION = YES;
				CLANG_WARN_OBJC_IMPLICIT_RETAIN_SELF = YES;
				CLANG_WARN_OBJC_LITERAL_CONVERSION = YES;
				CLANG_WARN_OBJC_ROOT_CLASS = YES_ERROR;
				CLANG_WARN_QUOTED_INCLUDE_IN_FRAMEWORK_HEADER = YES;
				CLANG_WARN_RANGE_LOOP_ANALYSIS = YES;
				CLANG_WARN_STRICT_PROTOTYPES = YES;
				CLANG_WARN_SUSPICIOUS_MOVE = YES;
				CLANG_WARN_UNGUARDED_AVAILABILITY = YES_AGGRESSIVE;
				CLANG_WARN_UNREACHABLE_CODE = YES;
				CLANG_WARN__DUPLICATE_METHOD_MATCH = YES;
				COPY_PHASE_STRIP = NO;
				CURRENT_PROJECT_VERSION = 1;
				DEBUG_INFORMATION_FORMAT = "dwarf-with-dsym";
				ENABLE_NS_ASSERTIONS = NO;
				ENABLE_STRICT_OBJC_MSGSEND = YES;
				GCC_C_LANGUAGE_STANDARD = gnu11;
				GCC_NO_COMMON_BLOCKS = YES;
				GCC_WARN_64_TO_32_BIT_CONVERSION = YES;
				GCC_WARN_ABOUT_RETURN_TYPE = YES_ERROR;
				GCC_WARN_UNDECLARED_SELECTOR = YES;
				GCC_WARN_UNINITIALIZED_AUTOS = YES_AGGRESSIVE;
				GCC_WARN_UNUSED_FUNCTION = YES;
				GCC_WARN_UNUSED_VARIABLE = YES;
				IPHONEOS_DEPLOYMENT_TARGET = 13.2;
				MTL_ENABLE_DEBUG_INFO = NO;
				MTL_FAST_MATH = YES;
				SDKROOT = iphoneos;
				SWIFT_COMPILATION_MODE = wholemodule;
				SWIFT_OPTIMIZATION_LEVEL = "-O";
				VALIDATE_PRODUCT = YES;
				VERSIONING_SYSTEM = "apple-generic";
				VERSION_INFO_PREFIX = "";
			};
			name = Release;
		};
		91DBCB04255AA12D00B59668 /* Debug */ = {
			isa = XCBuildConfiguration;
			baseConfigurationReference = 7EA73E1AE40CD25D04D45E72 /* Pods-HotelionMain-HotelionAuth.debug.xcconfig */;
			buildSettings = {
				CODE_SIGN_STYLE = Automatic;
				DEFINES_MODULE = YES;
				DYLIB_COMPATIBILITY_VERSION = 1;
				DYLIB_CURRENT_VERSION = 1;
				DYLIB_INSTALL_NAME_BASE = "@rpath";
				INFOPLIST_FILE = HotelionAuth/Info.plist;
				INSTALL_PATH = "$(LOCAL_LIBRARY_DIR)/Frameworks";
				LD_RUNPATH_SEARCH_PATHS = (
					"$(inherited)",
					"@executable_path/Frameworks",
					"@loader_path/Frameworks",
				);
				PRODUCT_BUNDLE_IDENTIFIER = vp.HotelionAuth;
				PRODUCT_NAME = "$(TARGET_NAME:c99extidentifier)";
				SKIP_INSTALL = YES;
				SWIFT_VERSION = 5.0;
				TARGETED_DEVICE_FAMILY = "1,2";
			};
			name = Debug;
		};
		91DBCB05255AA12D00B59668 /* Release */ = {
			isa = XCBuildConfiguration;
			baseConfigurationReference = 4E977E750D5966A00F1B91FF /* Pods-HotelionMain-HotelionAuth.release.xcconfig */;
			buildSettings = {
				CODE_SIGN_STYLE = Automatic;
				DEFINES_MODULE = YES;
				DYLIB_COMPATIBILITY_VERSION = 1;
				DYLIB_CURRENT_VERSION = 1;
				DYLIB_INSTALL_NAME_BASE = "@rpath";
				INFOPLIST_FILE = HotelionAuth/Info.plist;
				INSTALL_PATH = "$(LOCAL_LIBRARY_DIR)/Frameworks";
				LD_RUNPATH_SEARCH_PATHS = (
					"$(inherited)",
					"@executable_path/Frameworks",
					"@loader_path/Frameworks",
				);
				PRODUCT_BUNDLE_IDENTIFIER = vp.HotelionAuth;
				PRODUCT_NAME = "$(TARGET_NAME:c99extidentifier)";
				SKIP_INSTALL = YES;
				SWIFT_VERSION = 5.0;
				TARGETED_DEVICE_FAMILY = "1,2";
			};
			name = Release;
		};
		91DBCB07255AA12D00B59668 /* Debug */ = {
			isa = XCBuildConfiguration;
			buildSettings = {
				ALWAYS_EMBED_SWIFT_STANDARD_LIBRARIES = YES;
				CODE_SIGN_STYLE = Automatic;
				INFOPLIST_FILE = HotelionAuthTests/Info.plist;
				LD_RUNPATH_SEARCH_PATHS = (
					"$(inherited)",
					"@executable_path/Frameworks",
					"@loader_path/Frameworks",
				);
				PRODUCT_BUNDLE_IDENTIFIER = vp.HotelionAuthTests;
				PRODUCT_NAME = "$(TARGET_NAME)";
				SWIFT_VERSION = 5.0;
				TARGETED_DEVICE_FAMILY = "1,2";
			};
			name = Debug;
		};
		91DBCB08255AA12D00B59668 /* Release */ = {
			isa = XCBuildConfiguration;
			buildSettings = {
				ALWAYS_EMBED_SWIFT_STANDARD_LIBRARIES = YES;
				CODE_SIGN_STYLE = Automatic;
				INFOPLIST_FILE = HotelionAuthTests/Info.plist;
				LD_RUNPATH_SEARCH_PATHS = (
					"$(inherited)",
					"@executable_path/Frameworks",
					"@loader_path/Frameworks",
				);
				PRODUCT_BUNDLE_IDENTIFIER = vp.HotelionAuthTests;
				PRODUCT_NAME = "$(TARGET_NAME)";
				SWIFT_VERSION = 5.0;
				TARGETED_DEVICE_FAMILY = "1,2";
			};
			name = Release;
		};
/* End XCBuildConfiguration section */

/* Begin XCConfigurationList section */
		91DBCAE9255AA12D00B59668 /* Build configuration list for PBXProject "HotelionAuth" */ = {
			isa = XCConfigurationList;
			buildConfigurations = (
				91DBCB01255AA12D00B59668 /* Debug */,
				91DBCB02255AA12D00B59668 /* Release */,
			);
			defaultConfigurationIsVisible = 0;
			defaultConfigurationName = Release;
		};
		91DBCB03255AA12D00B59668 /* Build configuration list for PBXNativeTarget "HotelionAuth" */ = {
			isa = XCConfigurationList;
			buildConfigurations = (
				91DBCB04255AA12D00B59668 /* Debug */,
				91DBCB05255AA12D00B59668 /* Release */,
			);
			defaultConfigurationIsVisible = 0;
			defaultConfigurationName = Release;
		};
		91DBCB06255AA12D00B59668 /* Build configuration list for PBXNativeTarget "HotelionAuthTests" */ = {
			isa = XCConfigurationList;
			buildConfigurations = (
				91DBCB07255AA12D00B59668 /* Debug */,
				91DBCB08255AA12D00B59668 /* Release */,
			);
			defaultConfigurationIsVisible = 0;
			defaultConfigurationName = Release;
		};
/* End XCConfigurationList section */
	};
	rootObject = 91DBCAE6255AA12D00B59668 /* Project object */;
}
