// !$*UTF8*$!
{
	archiveVersion = 1;
	classes = {
	};
	objectVersion = 50;
	objects = {

/* Begin PBXBuildFile section */
		7AB21872B0CE0F92E57EB5AE /* Pods_HotelionMain_HotelionCommon.framework in Frameworks */ = {isa = PBXBuildFile; fileRef = B2FEA73F7C9E30EAE3C53311 /* Pods_HotelionMain_HotelionCommon.framework */; };
		9104340D256E87E30035A9BF /* UIFont+Style.swift in Sources */ = {isa = PBXBuildFile; fileRef = 9104340C256E87E30035A9BF /* UIFont+Style.swift */; };
		91043446256E92910035A9BF /* MainTab.swift in Sources */ = {isa = PBXBuildFile; fileRef = 91043445256E92910035A9BF /* MainTab.swift */; };
		9118FAAD25C4219E0033BEF4 /* UIAlertController+CustomView.swift in Sources */ = {isa = PBXBuildFile; fileRef = 9118FAAC25C4219E0033BEF4 /* UIAlertController+CustomView.swift */; };
		911DBC5F25C2F0C300AEC184 /* OrderRestApiMethods.swift in Sources */ = {isa = PBXBuildFile; fileRef = 911DBC5E25C2F0C300AEC184 /* OrderRestApiMethods.swift */; };
		911DBC6325C2F0D200AEC184 /* OrderParameters.swift in Sources */ = {isa = PBXBuildFile; fileRef = 911DBC6225C2F0D200AEC184 /* OrderParameters.swift */; };
		911DBC6A25C2F43A00AEC184 /* OrdersLoader.swift in Sources */ = {isa = PBXBuildFile; fileRef = 911DBC6925C2F43A00AEC184 /* OrdersLoader.swift */; };
		911FDC3C25B723DF005A3057 /* HotelRestApiMethods.swift in Sources */ = {isa = PBXBuildFile; fileRef = 911FDC3B25B723DF005A3057 /* HotelRestApiMethods.swift */; };
		911FDC4225B7240C005A3057 /* HotelParameters.swift in Sources */ = {isa = PBXBuildFile; fileRef = 911FDC4125B7240C005A3057 /* HotelParameters.swift */; };
		911FDC4625B72512005A3057 /* Hotel.swift in Sources */ = {isa = PBXBuildFile; fileRef = 911FDC4525B72512005A3057 /* Hotel.swift */; };
		911FDC4F25B72599005A3057 /* Room.swift in Sources */ = {isa = PBXBuildFile; fileRef = 911FDC4E25B72599005A3057 /* Room.swift */; };
		91241DF7255C094900643663 /* Assets.xcassets in Resources */ = {isa = PBXBuildFile; fileRef = 91241DF6255C094900643663 /* Assets.xcassets */; };
		91241E49255D1FA400643663 /* RestApiConstants.swift in Sources */ = {isa = PBXBuildFile; fileRef = 91241E40255D1FA400643663 /* RestApiConstants.swift */; };
		91241E4B255D1FA400643663 /* AuthRestApiMethods.swift in Sources */ = {isa = PBXBuildFile; fileRef = 91241E44255D1FA400643663 /* AuthRestApiMethods.swift */; };
		91241E4D255D1FA400643663 /* CustomRestApiError.swift in Sources */ = {isa = PBXBuildFile; fileRef = 91241E48255D1FA400643663 /* CustomRestApiError.swift */; };
		91241E58255D238300643663 /* AuthParameters.swift in Sources */ = {isa = PBXBuildFile; fileRef = 91241E57255D238300643663 /* AuthParameters.swift */; };
		91241E73255D28EC00643663 /* NotificationBannerHelper.swift in Sources */ = {isa = PBXBuildFile; fileRef = 91241E72255D28EC00643663 /* NotificationBannerHelper.swift */; };
		91241E78255D2D6400643663 /* UserData.swift in Sources */ = {isa = PBXBuildFile; fileRef = 91241E77255D2D6400643663 /* UserData.swift */; };
		91241E7E255D2D6C00643663 /* User.swift in Sources */ = {isa = PBXBuildFile; fileRef = 91241E7D255D2D6C00643663 /* User.swift */; };
		91241E82255D2ED800643663 /* KeychainService.swift in Sources */ = {isa = PBXBuildFile; fileRef = 91241E81255D2ED800643663 /* KeychainService.swift */; };
		91241E87255D337E00643663 /* RestApiMethod+Headers.swift in Sources */ = {isa = PBXBuildFile; fileRef = 91241E86255D337E00643663 /* RestApiMethod+Headers.swift */; };
		913661DB256FAE5B00089355 /* Booking.swift in Sources */ = {isa = PBXBuildFile; fileRef = 913661DA256FAE5B00089355 /* Booking.swift */; };
		913661E9256FB24200089355 /* BookingRestApiMethods.swift in Sources */ = {isa = PBXBuildFile; fileRef = 913661E8256FB24200089355 /* BookingRestApiMethods.swift */; };
		913E56AD25B731540015899B /* UserParameters.swift in Sources */ = {isa = PBXBuildFile; fileRef = 913E56AC25B731540015899B /* UserParameters.swift */; };
		91584A72255BE20E00AF07C7 /* PercentFormatter.swift in Sources */ = {isa = PBXBuildFile; fileRef = 91584A65255BE20E00AF07C7 /* PercentFormatter.swift */; };
		91584A73255BE20E00AF07C7 /* NLettersAbbrevationFormatter.swift in Sources */ = {isa = PBXBuildFile; fileRef = 91584A66255BE20E00AF07C7 /* NLettersAbbrevationFormatter.swift */; };
		91584A74255BE20E00AF07C7 /* DecimalFormatter.swift in Sources */ = {isa = PBXBuildFile; fileRef = 91584A67255BE20E00AF07C7 /* DecimalFormatter.swift */; };
		91584A75255BE20E00AF07C7 /* DoubleFormatter.swift in Sources */ = {isa = PBXBuildFile; fileRef = 91584A68255BE20E00AF07C7 /* DoubleFormatter.swift */; };
		91584A76255BE20E00AF07C7 /* NLettersPercentFormatter.swift in Sources */ = {isa = PBXBuildFile; fileRef = 91584A69255BE20E00AF07C7 /* NLettersPercentFormatter.swift */; };
		91584A77255BE20E00AF07C7 /* AbbrevationFormatter.swift in Sources */ = {isa = PBXBuildFile; fileRef = 91584A6A255BE20E00AF07C7 /* AbbrevationFormatter.swift */; };
		91584A78255BE20E00AF07C7 /* EmailValidator.swift in Sources */ = {isa = PBXBuildFile; fileRef = 91584A6C255BE20E00AF07C7 /* EmailValidator.swift */; };
		91584A79255BE20E00AF07C7 /* PhoneNumberValidator.swift in Sources */ = {isa = PBXBuildFile; fileRef = 91584A6D255BE20E00AF07C7 /* PhoneNumberValidator.swift */; };
		91584A7A255BE20E00AF07C7 /* Validator.swift in Sources */ = {isa = PBXBuildFile; fileRef = 91584A6E255BE20E00AF07C7 /* Validator.swift */; };
		91584A7B255BE20E00AF07C7 /* PasswordValidator.swift in Sources */ = {isa = PBXBuildFile; fileRef = 91584A6F255BE20E00AF07C7 /* PasswordValidator.swift */; };
		91584A7C255BE20E00AF07C7 /* TextValidator.swift in Sources */ = {isa = PBXBuildFile; fileRef = 91584A70255BE20E00AF07C7 /* TextValidator.swift */; };
		91584A7D255BE20E00AF07C7 /* CodeValidator.swift in Sources */ = {isa = PBXBuildFile; fileRef = 91584A71255BE20E00AF07C7 /* CodeValidator.swift */; };
		91584A8C255BE4B600AF07C7 /* VioletButton.swift in Sources */ = {isa = PBXBuildFile; fileRef = 91584A8B255BE4B600AF07C7 /* VioletButton.swift */; };
		91584A92255BE4CF00AF07C7 /* StateBackgroundColorButton.swift in Sources */ = {isa = PBXBuildFile; fileRef = 91584A91255BE4CF00AF07C7 /* StateBackgroundColorButton.swift */; };
		91584AA9255BE57500AF07C7 /* UIColor+Style.swift in Sources */ = {isa = PBXBuildFile; fileRef = 91584AA8255BE57500AF07C7 /* UIColor+Style.swift */; };
		91584AD7255BE8B100AF07C7 /* ActivityIndicatorHelper.swift in Sources */ = {isa = PBXBuildFile; fileRef = 91584AD3255BE8B100AF07C7 /* ActivityIndicatorHelper.swift */; };
		91584AD8255BE8B100AF07C7 /* ActivityIndicatorView.xib in Resources */ = {isa = PBXBuildFile; fileRef = 91584AD4255BE8B100AF07C7 /* ActivityIndicatorView.xib */; };
		91584AD9255BE8B100AF07C7 /* ActivityIndicatorView.swift in Sources */ = {isa = PBXBuildFile; fileRef = 91584AD5255BE8B100AF07C7 /* ActivityIndicatorView.swift */; };
		91584ADA255BE8B100AF07C7 /* DetailAnimable.swift in Sources */ = {isa = PBXBuildFile; fileRef = 91584AD6255BE8B100AF07C7 /* DetailAnimable.swift */; };
		91584AE0255BE91A00AF07C7 /* UIView+Nib.swift in Sources */ = {isa = PBXBuildFile; fileRef = 91584ADF255BE91A00AF07C7 /* UIView+Nib.swift */; };
		91584AE4255BE94800AF07C7 /* UIApplication+TargetForPresentation.swift in Sources */ = {isa = PBXBuildFile; fileRef = 91584AE3255BE94800AF07C7 /* UIApplication+TargetForPresentation.swift */; };
		91584AE8255BEADC00AF07C7 /* Bundle+Modules.swift in Sources */ = {isa = PBXBuildFile; fileRef = 91584AE7255BEADC00AF07C7 /* Bundle+Modules.swift */; };
		91584AEC255BEB9900AF07C7 /* SUTextField.swift in Sources */ = {isa = PBXBuildFile; fileRef = 91584AEB255BEB9900AF07C7 /* SUTextField.swift */; };
		91584AFE255BECAE00AF07C7 /* BaseCustomView.swift in Sources */ = {isa = PBXBuildFile; fileRef = 91584AFD255BECAE00AF07C7 /* BaseCustomView.swift */; };
		91584B02255BECD300AF07C7 /* CheckBoxView.swift in Sources */ = {isa = PBXBuildFile; fileRef = 91584B01255BECD300AF07C7 /* CheckBoxView.swift */; };
		91584B3F255BEE2400AF07C7 /* BaseScrollViewController.swift in Sources */ = {isa = PBXBuildFile; fileRef = 91584B3E255BEE2400AF07C7 /* BaseScrollViewController.swift */; };
		91584B90255BF43900AF07C7 /* NavigationItemFactory.swift in Sources */ = {isa = PBXBuildFile; fileRef = 91584B8F255BF43900AF07C7 /* NavigationItemFactory.swift */; };
		91584BAB255BF68000AF07C7 /* SUPasswordTextField.swift in Sources */ = {isa = PBXBuildFile; fileRef = 91584BAA255BF68000AF07C7 /* SUPasswordTextField.swift */; };
		91614C96255EBE620021417D /* ReusableCell.swift in Sources */ = {isa = PBXBuildFile; fileRef = 91614C95255EBE620021417D /* ReusableCell.swift */; };
		9167ADED25B821A400A5DCB2 /* BookingRequestParameters.swift in Sources */ = {isa = PBXBuildFile; fileRef = 9167ADEC25B821A400A5DCB2 /* BookingRequestParameters.swift */; };
		9167ADF225B8233400A5DCB2 /* BookingRequest.swift in Sources */ = {isa = PBXBuildFile; fileRef = 9167ADF125B8233400A5DCB2 /* BookingRequest.swift */; };
		9167ADF725B85AD100A5DCB2 /* HeaderView.swift in Sources */ = {isa = PBXBuildFile; fileRef = 9167ADF625B85AD100A5DCB2 /* HeaderView.swift */; };
		9167ADFD25B85ADA00A5DCB2 /* HeaderView.xib in Resources */ = {isa = PBXBuildFile; fileRef = 9167ADFC25B85ADA00A5DCB2 /* HeaderView.xib */; };
		9167AE0225B8717C00A5DCB2 /* HotelLoader.swift in Sources */ = {isa = PBXBuildFile; fileRef = 9167AE0125B8717C00A5DCB2 /* HotelLoader.swift */; };
		9167AE2E25B88ECD00A5DCB2 /* MessageView.xib in Resources */ = {isa = PBXBuildFile; fileRef = 9167AE2D25B88ECD00A5DCB2 /* MessageView.xib */; };
		9167AE3825B8900900A5DCB2 /* MessageView.swift in Sources */ = {isa = PBXBuildFile; fileRef = 9167AE3725B8900900A5DCB2 /* MessageView.swift */; };
		9167AE4125B8929200A5DCB2 /* BookingRequestsLoader.swift in Sources */ = {isa = PBXBuildFile; fileRef = 9167AE4025B8929200A5DCB2 /* BookingRequestsLoader.swift */; };
		9169C32325BAC6E90096087D /* PassportData.swift in Sources */ = {isa = PBXBuildFile; fileRef = 9169C32225BAC6E90096087D /* PassportData.swift */; };
		9169C32825BAFEFB0096087D /* ShortUserInfo.swift in Sources */ = {isa = PBXBuildFile; fileRef = 9169C32725BAFEFB0096087D /* ShortUserInfo.swift */; };
		9195BECD2574DDE6003A462D /* ServiceParameters.swift in Sources */ = {isa = PBXBuildFile; fileRef = 9195BECC2574DDE6003A462D /* ServiceParameters.swift */; };
		9195BED12574DE2C003A462D /* ServiceRestApiMethods.swift in Sources */ = {isa = PBXBuildFile; fileRef = 9195BED02574DE2C003A462D /* ServiceRestApiMethods.swift */; };
		9195BF19257783BE003A462D /* BaseTapableView.swift in Sources */ = {isa = PBXBuildFile; fileRef = 9195BF18257783BE003A462D /* BaseTapableView.swift */; };
		9195BF1D257783D6003A462D /* BaseSelectableView.swift in Sources */ = {isa = PBXBuildFile; fileRef = 9195BF1C257783D6003A462D /* BaseSelectableView.swift */; };
		91A569D7257A575000DB0C3B /* BookingsLoader.swift in Sources */ = {isa = PBXBuildFile; fileRef = 91A569D6257A575000DB0C3B /* BookingsLoader.swift */; };
		91A56A1A257A63A400DB0C3B /* AlertHelper.swift in Sources */ = {isa = PBXBuildFile; fileRef = 91A56A19257A63A400DB0C3B /* AlertHelper.swift */; };
		91C12D9E25666D0F00F0533D /* UIView+Shadow.swift in Sources */ = {isa = PBXBuildFile; fileRef = 91C12D9D25666D0F00F0533D /* UIView+Shadow.swift */; };
		91C677C525C15BB8003BDF19 /* SUDateTextField.swift in Sources */ = {isa = PBXBuildFile; fileRef = 91C677C425C15BB8003BDF19 /* SUDateTextField.swift */; };
		91C677CB25C163D6003BDF19 /* DateHelper.swift in Sources */ = {isa = PBXBuildFile; fileRef = 91C677CA25C163D6003BDF19 /* DateHelper.swift */; };
		91C6780725C167D6003BDF19 /* DateOfBirthValidator.swift in Sources */ = {isa = PBXBuildFile; fileRef = 91C6780625C167D6003BDF19 /* DateOfBirthValidator.swift */; };
		91C6780B25C168E0003BDF19 /* Date+Extensions.swift in Sources */ = {isa = PBXBuildFile; fileRef = 91C6780A25C168E0003BDF19 /* Date+Extensions.swift */; };
		91D3E03625653F8F001FB17D /* BaseCoordinatorDelegate.swift in Sources */ = {isa = PBXBuildFile; fileRef = 91D3E03525653F8F001FB17D /* BaseCoordinatorDelegate.swift */; };
		91D3E07425659EF0001FB17D /* ContainerViewWithTitle.swift in Sources */ = {isa = PBXBuildFile; fileRef = 91D3E07225659EF0001FB17D /* ContainerViewWithTitle.swift */; };
		91D3E07525659EF0001FB17D /* ContainerViewWithTitle.xib in Resources */ = {isa = PBXBuildFile; fileRef = 91D3E07325659EF0001FB17D /* ContainerViewWithTitle.xib */; };
		91DBCB6B255AA1FD00B59668 /* HotelionCommon.framework in Frameworks */ = {isa = PBXBuildFile; fileRef = 91DBCB61255AA1FC00B59668 /* HotelionCommon.framework */; };
		91DBCB70255AA1FD00B59668 /* HotelionCommonTests.swift in Sources */ = {isa = PBXBuildFile; fileRef = 91DBCB6F255AA1FD00B59668 /* HotelionCommonTests.swift */; };
		91DBCB72255AA1FD00B59668 /* HotelionCommon.h in Headers */ = {isa = PBXBuildFile; fileRef = 91DBCB64255AA1FC00B59668 /* HotelionCommon.h */; settings = {ATTRIBUTES = (Public, ); }; };
		91DD49DA25BF1843005AA8EA /* PassportNumberValidator.swift in Sources */ = {isa = PBXBuildFile; fileRef = 91DD49D925BF1843005AA8EA /* PassportNumberValidator.swift */; };
		91F0083925AF02A2001C9295 /* Order.swift in Sources */ = {isa = PBXBuildFile; fileRef = 91F0083825AF02A2001C9295 /* Order.swift */; };
		91F0F58425628610001A546E /* ServiceGroupRestApiMethods.swift in Sources */ = {isa = PBXBuildFile; fileRef = 91F0F58325628610001A546E /* ServiceGroupRestApiMethods.swift */; };
		91FAED072578D54E00620608 /* Service.swift in Sources */ = {isa = PBXBuildFile; fileRef = 91FAED062578D54E00620608 /* Service.swift */; };
		91FAED0C2578D56600620608 /* ServicesGroup.swift in Sources */ = {isa = PBXBuildFile; fileRef = 91FAED0B2578D56600620608 /* ServicesGroup.swift */; };
		91FAED122578D58300620608 /* ServicesLoader.swift in Sources */ = {isa = PBXBuildFile; fileRef = 91FAED112578D58300620608 /* ServicesLoader.swift */; };
		91FAED1D2579131F00620608 /* BookingParameters.swift in Sources */ = {isa = PBXBuildFile; fileRef = 91FAED1C2579131F00620608 /* BookingParameters.swift */; };
/* End PBXBuildFile section */

/* Begin PBXContainerItemProxy section */
		91DBCB6C255AA1FD00B59668 /* PBXContainerItemProxy */ = {
			isa = PBXContainerItemProxy;
			containerPortal = 91DBCB58255AA1FC00B59668 /* Project object */;
			proxyType = 1;
			remoteGlobalIDString = 91DBCB60255AA1FC00B59668;
			remoteInfo = HotelionCommon;
		};
/* End PBXContainerItemProxy section */

/* Begin PBXFileReference section */
		0B08CF2E7479573722B2874B /* Pods-HotelionMain-HotelionCommon.debug.xcconfig */ = {isa = PBXFileReference; includeInIndex = 1; lastKnownFileType = text.xcconfig; name = "Pods-HotelionMain-HotelionCommon.debug.xcconfig"; path = "Target Support Files/Pods-HotelionMain-HotelionCommon/Pods-HotelionMain-HotelionCommon.debug.xcconfig"; sourceTree = "<group>"; };
		9104340C256E87E30035A9BF /* UIFont+Style.swift */ = {isa = PBXFileReference; lastKnownFileType = sourcecode.swift; path = "UIFont+Style.swift"; sourceTree = "<group>"; };
		91043445256E92910035A9BF /* MainTab.swift */ = {isa = PBXFileReference; lastKnownFileType = sourcecode.swift; path = MainTab.swift; sourceTree = "<group>"; };
		9118FAAC25C4219E0033BEF4 /* UIAlertController+CustomView.swift */ = {isa = PBXFileReference; lastKnownFileType = sourcecode.swift; path = "UIAlertController+CustomView.swift"; sourceTree = "<group>"; };
		911DBC5E25C2F0C300AEC184 /* OrderRestApiMethods.swift */ = {isa = PBXFileReference; lastKnownFileType = sourcecode.swift; path = OrderRestApiMethods.swift; sourceTree = "<group>"; };
		911DBC6225C2F0D200AEC184 /* OrderParameters.swift */ = {isa = PBXFileReference; lastKnownFileType = sourcecode.swift; path = OrderParameters.swift; sourceTree = "<group>"; };
		911DBC6925C2F43A00AEC184 /* OrdersLoader.swift */ = {isa = PBXFileReference; lastKnownFileType = sourcecode.swift; path = OrdersLoader.swift; sourceTree = "<group>"; };
		911FDC3B25B723DF005A3057 /* HotelRestApiMethods.swift */ = {isa = PBXFileReference; lastKnownFileType = sourcecode.swift; path = HotelRestApiMethods.swift; sourceTree = "<group>"; };
		911FDC4125B7240C005A3057 /* HotelParameters.swift */ = {isa = PBXFileReference; lastKnownFileType = sourcecode.swift; path = HotelParameters.swift; sourceTree = "<group>"; };
		911FDC4525B72512005A3057 /* Hotel.swift */ = {isa = PBXFileReference; lastKnownFileType = sourcecode.swift; path = Hotel.swift; sourceTree = "<group>"; };
		911FDC4E25B72599005A3057 /* Room.swift */ = {isa = PBXFileReference; lastKnownFileType = sourcecode.swift; path = Room.swift; sourceTree = "<group>"; };
		91241DF6255C094900643663 /* Assets.xcassets */ = {isa = PBXFileReference; lastKnownFileType = folder.assetcatalog; path = Assets.xcassets; sourceTree = "<group>"; };
		91241E40255D1FA400643663 /* RestApiConstants.swift */ = {isa = PBXFileReference; fileEncoding = 4; lastKnownFileType = sourcecode.swift; path = RestApiConstants.swift; sourceTree = "<group>"; };
		91241E44255D1FA400643663 /* AuthRestApiMethods.swift */ = {isa = PBXFileReference; fileEncoding = 4; lastKnownFileType = sourcecode.swift; path = AuthRestApiMethods.swift; sourceTree = "<group>"; };
		91241E48255D1FA400643663 /* CustomRestApiError.swift */ = {isa = PBXFileReference; fileEncoding = 4; lastKnownFileType = sourcecode.swift; path = CustomRestApiError.swift; sourceTree = "<group>"; };
		91241E57255D238300643663 /* AuthParameters.swift */ = {isa = PBXFileReference; lastKnownFileType = sourcecode.swift; path = AuthParameters.swift; sourceTree = "<group>"; };
		91241E72255D28EC00643663 /* NotificationBannerHelper.swift */ = {isa = PBXFileReference; lastKnownFileType = sourcecode.swift; path = NotificationBannerHelper.swift; sourceTree = "<group>"; };
		91241E77255D2D6400643663 /* UserData.swift */ = {isa = PBXFileReference; lastKnownFileType = sourcecode.swift; path = UserData.swift; sourceTree = "<group>"; };
		91241E7D255D2D6C00643663 /* User.swift */ = {isa = PBXFileReference; lastKnownFileType = sourcecode.swift; path = User.swift; sourceTree = "<group>"; };
		91241E81255D2ED800643663 /* KeychainService.swift */ = {isa = PBXFileReference; lastKnownFileType = sourcecode.swift; path = KeychainService.swift; sourceTree = "<group>"; };
		91241E86255D337E00643663 /* RestApiMethod+Headers.swift */ = {isa = PBXFileReference; lastKnownFileType = sourcecode.swift; path = "RestApiMethod+Headers.swift"; sourceTree = "<group>"; };
		913661DA256FAE5B00089355 /* Booking.swift */ = {isa = PBXFileReference; lastKnownFileType = sourcecode.swift; path = Booking.swift; sourceTree = "<group>"; };
		913661E8256FB24200089355 /* BookingRestApiMethods.swift */ = {isa = PBXFileReference; lastKnownFileType = sourcecode.swift; path = BookingRestApiMethods.swift; sourceTree = "<group>"; };
		913E56AC25B731540015899B /* UserParameters.swift */ = {isa = PBXFileReference; lastKnownFileType = sourcecode.swift; path = UserParameters.swift; sourceTree = "<group>"; };
		91584A65255BE20E00AF07C7 /* PercentFormatter.swift */ = {isa = PBXFileReference; fileEncoding = 4; lastKnownFileType = sourcecode.swift; path = PercentFormatter.swift; sourceTree = "<group>"; };
		91584A66255BE20E00AF07C7 /* NLettersAbbrevationFormatter.swift */ = {isa = PBXFileReference; fileEncoding = 4; lastKnownFileType = sourcecode.swift; path = NLettersAbbrevationFormatter.swift; sourceTree = "<group>"; };
		91584A67255BE20E00AF07C7 /* DecimalFormatter.swift */ = {isa = PBXFileReference; fileEncoding = 4; lastKnownFileType = sourcecode.swift; path = DecimalFormatter.swift; sourceTree = "<group>"; };
		91584A68255BE20E00AF07C7 /* DoubleFormatter.swift */ = {isa = PBXFileReference; fileEncoding = 4; lastKnownFileType = sourcecode.swift; path = DoubleFormatter.swift; sourceTree = "<group>"; };
		91584A69255BE20E00AF07C7 /* NLettersPercentFormatter.swift */ = {isa = PBXFileReference; fileEncoding = 4; lastKnownFileType = sourcecode.swift; path = NLettersPercentFormatter.swift; sourceTree = "<group>"; };
		91584A6A255BE20E00AF07C7 /* AbbrevationFormatter.swift */ = {isa = PBXFileReference; fileEncoding = 4; lastKnownFileType = sourcecode.swift; path = AbbrevationFormatter.swift; sourceTree = "<group>"; };
		91584A6C255BE20E00AF07C7 /* EmailValidator.swift */ = {isa = PBXFileReference; fileEncoding = 4; lastKnownFileType = sourcecode.swift; path = EmailValidator.swift; sourceTree = "<group>"; };
		91584A6D255BE20E00AF07C7 /* PhoneNumberValidator.swift */ = {isa = PBXFileReference; fileEncoding = 4; lastKnownFileType = sourcecode.swift; path = PhoneNumberValidator.swift; sourceTree = "<group>"; };
		91584A6E255BE20E00AF07C7 /* Validator.swift */ = {isa = PBXFileReference; fileEncoding = 4; lastKnownFileType = sourcecode.swift; path = Validator.swift; sourceTree = "<group>"; };
		91584A6F255BE20E00AF07C7 /* PasswordValidator.swift */ = {isa = PBXFileReference; fileEncoding = 4; lastKnownFileType = sourcecode.swift; path = PasswordValidator.swift; sourceTree = "<group>"; };
		91584A70255BE20E00AF07C7 /* TextValidator.swift */ = {isa = PBXFileReference; fileEncoding = 4; lastKnownFileType = sourcecode.swift; path = TextValidator.swift; sourceTree = "<group>"; };
		91584A71255BE20E00AF07C7 /* CodeValidator.swift */ = {isa = PBXFileReference; fileEncoding = 4; lastKnownFileType = sourcecode.swift; path = CodeValidator.swift; sourceTree = "<group>"; };
		91584A8B255BE4B600AF07C7 /* VioletButton.swift */ = {isa = PBXFileReference; lastKnownFileType = sourcecode.swift; path = VioletButton.swift; sourceTree = "<group>"; };
		91584A91255BE4CF00AF07C7 /* StateBackgroundColorButton.swift */ = {isa = PBXFileReference; lastKnownFileType = sourcecode.swift; path = StateBackgroundColorButton.swift; sourceTree = "<group>"; };
		91584AA8255BE57500AF07C7 /* UIColor+Style.swift */ = {isa = PBXFileReference; lastKnownFileType = sourcecode.swift; path = "UIColor+Style.swift"; sourceTree = "<group>"; };
		91584AD3255BE8B100AF07C7 /* ActivityIndicatorHelper.swift */ = {isa = PBXFileReference; fileEncoding = 4; lastKnownFileType = sourcecode.swift; path = ActivityIndicatorHelper.swift; sourceTree = "<group>"; };
		91584AD4255BE8B100AF07C7 /* ActivityIndicatorView.xib */ = {isa = PBXFileReference; fileEncoding = 4; lastKnownFileType = file.xib; path = ActivityIndicatorView.xib; sourceTree = "<group>"; };
		91584AD5255BE8B100AF07C7 /* ActivityIndicatorView.swift */ = {isa = PBXFileReference; fileEncoding = 4; lastKnownFileType = sourcecode.swift; path = ActivityIndicatorView.swift; sourceTree = "<group>"; };
		91584AD6255BE8B100AF07C7 /* DetailAnimable.swift */ = {isa = PBXFileReference; fileEncoding = 4; lastKnownFileType = sourcecode.swift; path = DetailAnimable.swift; sourceTree = "<group>"; };
		91584ADF255BE91A00AF07C7 /* UIView+Nib.swift */ = {isa = PBXFileReference; lastKnownFileType = sourcecode.swift; path = "UIView+Nib.swift"; sourceTree = "<group>"; };
		91584AE3255BE94800AF07C7 /* UIApplication+TargetForPresentation.swift */ = {isa = PBXFileReference; lastKnownFileType = sourcecode.swift; path = "UIApplication+TargetForPresentation.swift"; sourceTree = "<group>"; };
		91584AE7255BEADC00AF07C7 /* Bundle+Modules.swift */ = {isa = PBXFileReference; lastKnownFileType = sourcecode.swift; path = "Bundle+Modules.swift"; sourceTree = "<group>"; };
		91584AEB255BEB9900AF07C7 /* SUTextField.swift */ = {isa = PBXFileReference; lastKnownFileType = sourcecode.swift; path = SUTextField.swift; sourceTree = "<group>"; };
		91584AFD255BECAE00AF07C7 /* BaseCustomView.swift */ = {isa = PBXFileReference; lastKnownFileType = sourcecode.swift; path = BaseCustomView.swift; sourceTree = "<group>"; };
		91584B01255BECD300AF07C7 /* CheckBoxView.swift */ = {isa = PBXFileReference; lastKnownFileType = sourcecode.swift; path = CheckBoxView.swift; sourceTree = "<group>"; };
		91584B3E255BEE2400AF07C7 /* BaseScrollViewController.swift */ = {isa = PBXFileReference; lastKnownFileType = sourcecode.swift; path = BaseScrollViewController.swift; sourceTree = "<group>"; };
		91584B8F255BF43900AF07C7 /* NavigationItemFactory.swift */ = {isa = PBXFileReference; lastKnownFileType = sourcecode.swift; path = NavigationItemFactory.swift; sourceTree = "<group>"; };
		91584BAA255BF68000AF07C7 /* SUPasswordTextField.swift */ = {isa = PBXFileReference; lastKnownFileType = sourcecode.swift; path = SUPasswordTextField.swift; sourceTree = "<group>"; };
		91614C95255EBE620021417D /* ReusableCell.swift */ = {isa = PBXFileReference; lastKnownFileType = sourcecode.swift; path = ReusableCell.swift; sourceTree = "<group>"; };
		9167ADEC25B821A400A5DCB2 /* BookingRequestParameters.swift */ = {isa = PBXFileReference; lastKnownFileType = sourcecode.swift; path = BookingRequestParameters.swift; sourceTree = "<group>"; };
		9167ADF125B8233400A5DCB2 /* BookingRequest.swift */ = {isa = PBXFileReference; lastKnownFileType = sourcecode.swift; path = BookingRequest.swift; sourceTree = "<group>"; };
		9167ADF625B85AD100A5DCB2 /* HeaderView.swift */ = {isa = PBXFileReference; lastKnownFileType = sourcecode.swift; path = HeaderView.swift; sourceTree = "<group>"; };
		9167ADFC25B85ADA00A5DCB2 /* HeaderView.xib */ = {isa = PBXFileReference; lastKnownFileType = file.xib; path = HeaderView.xib; sourceTree = "<group>"; };
		9167AE0125B8717C00A5DCB2 /* HotelLoader.swift */ = {isa = PBXFileReference; lastKnownFileType = sourcecode.swift; path = HotelLoader.swift; sourceTree = "<group>"; };
		9167AE2D25B88ECD00A5DCB2 /* MessageView.xib */ = {isa = PBXFileReference; lastKnownFileType = file.xib; path = MessageView.xib; sourceTree = "<group>"; };
		9167AE3725B8900900A5DCB2 /* MessageView.swift */ = {isa = PBXFileReference; lastKnownFileType = sourcecode.swift; path = MessageView.swift; sourceTree = "<group>"; };
		9167AE4025B8929200A5DCB2 /* BookingRequestsLoader.swift */ = {isa = PBXFileReference; lastKnownFileType = sourcecode.swift; path = BookingRequestsLoader.swift; sourceTree = "<group>"; };
		9169C32225BAC6E90096087D /* PassportData.swift */ = {isa = PBXFileReference; lastKnownFileType = sourcecode.swift; path = PassportData.swift; sourceTree = "<group>"; };
		9169C32725BAFEFB0096087D /* ShortUserInfo.swift */ = {isa = PBXFileReference; lastKnownFileType = sourcecode.swift; path = ShortUserInfo.swift; sourceTree = "<group>"; };
		9195BECC2574DDE6003A462D /* ServiceParameters.swift */ = {isa = PBXFileReference; lastKnownFileType = sourcecode.swift; path = ServiceParameters.swift; sourceTree = "<group>"; };
		9195BED02574DE2C003A462D /* ServiceRestApiMethods.swift */ = {isa = PBXFileReference; lastKnownFileType = sourcecode.swift; path = ServiceRestApiMethods.swift; sourceTree = "<group>"; };
		9195BF18257783BE003A462D /* BaseTapableView.swift */ = {isa = PBXFileReference; lastKnownFileType = sourcecode.swift; path = BaseTapableView.swift; sourceTree = "<group>"; };
		9195BF1C257783D6003A462D /* BaseSelectableView.swift */ = {isa = PBXFileReference; lastKnownFileType = sourcecode.swift; path = BaseSelectableView.swift; sourceTree = "<group>"; };
		91A569D6257A575000DB0C3B /* BookingsLoader.swift */ = {isa = PBXFileReference; lastKnownFileType = sourcecode.swift; path = BookingsLoader.swift; sourceTree = "<group>"; };
		91A56A19257A63A400DB0C3B /* AlertHelper.swift */ = {isa = PBXFileReference; lastKnownFileType = sourcecode.swift; path = AlertHelper.swift; sourceTree = "<group>"; };
		91C12D9D25666D0F00F0533D /* UIView+Shadow.swift */ = {isa = PBXFileReference; lastKnownFileType = sourcecode.swift; path = "UIView+Shadow.swift"; sourceTree = "<group>"; };
		91C677C425C15BB8003BDF19 /* SUDateTextField.swift */ = {isa = PBXFileReference; lastKnownFileType = sourcecode.swift; path = SUDateTextField.swift; sourceTree = "<group>"; };
		91C677CA25C163D6003BDF19 /* DateHelper.swift */ = {isa = PBXFileReference; lastKnownFileType = sourcecode.swift; path = DateHelper.swift; sourceTree = "<group>"; };
		91C6780625C167D6003BDF19 /* DateOfBirthValidator.swift */ = {isa = PBXFileReference; lastKnownFileType = sourcecode.swift; path = DateOfBirthValidator.swift; sourceTree = "<group>"; };
		91C6780A25C168E0003BDF19 /* Date+Extensions.swift */ = {isa = PBXFileReference; lastKnownFileType = sourcecode.swift; path = "Date+Extensions.swift"; sourceTree = "<group>"; };
		91D3E03525653F8F001FB17D /* BaseCoordinatorDelegate.swift */ = {isa = PBXFileReference; lastKnownFileType = sourcecode.swift; path = BaseCoordinatorDelegate.swift; sourceTree = "<group>"; };
		91D3E07225659EF0001FB17D /* ContainerViewWithTitle.swift */ = {isa = PBXFileReference; fileEncoding = 4; lastKnownFileType = sourcecode.swift; path = ContainerViewWithTitle.swift; sourceTree = "<group>"; };
		91D3E07325659EF0001FB17D /* ContainerViewWithTitle.xib */ = {isa = PBXFileReference; fileEncoding = 4; lastKnownFileType = file.xib; path = ContainerViewWithTitle.xib; sourceTree = "<group>"; };
		91DBCB61255AA1FC00B59668 /* HotelionCommon.framework */ = {isa = PBXFileReference; explicitFileType = wrapper.framework; includeInIndex = 0; path = HotelionCommon.framework; sourceTree = BUILT_PRODUCTS_DIR; };
		91DBCB64255AA1FC00B59668 /* HotelionCommon.h */ = {isa = PBXFileReference; lastKnownFileType = sourcecode.c.h; path = HotelionCommon.h; sourceTree = "<group>"; };
		91DBCB65255AA1FC00B59668 /* Info.plist */ = {isa = PBXFileReference; lastKnownFileType = text.plist.xml; path = Info.plist; sourceTree = "<group>"; };
		91DBCB6A255AA1FD00B59668 /* HotelionCommonTests.xctest */ = {isa = PBXFileReference; explicitFileType = wrapper.cfbundle; includeInIndex = 0; path = HotelionCommonTests.xctest; sourceTree = BUILT_PRODUCTS_DIR; };
		91DBCB6F255AA1FD00B59668 /* HotelionCommonTests.swift */ = {isa = PBXFileReference; lastKnownFileType = sourcecode.swift; path = HotelionCommonTests.swift; sourceTree = "<group>"; };
		91DBCB71255AA1FD00B59668 /* Info.plist */ = {isa = PBXFileReference; lastKnownFileType = text.plist.xml; path = Info.plist; sourceTree = "<group>"; };
		91DD49D925BF1843005AA8EA /* PassportNumberValidator.swift */ = {isa = PBXFileReference; lastKnownFileType = sourcecode.swift; path = PassportNumberValidator.swift; sourceTree = "<group>"; };
		91F0083825AF02A2001C9295 /* Order.swift */ = {isa = PBXFileReference; lastKnownFileType = sourcecode.swift; path = Order.swift; sourceTree = "<group>"; };
		91F0F58325628610001A546E /* ServiceGroupRestApiMethods.swift */ = {isa = PBXFileReference; lastKnownFileType = sourcecode.swift; path = ServiceGroupRestApiMethods.swift; sourceTree = "<group>"; };
		91FAED062578D54E00620608 /* Service.swift */ = {isa = PBXFileReference; lastKnownFileType = sourcecode.swift; path = Service.swift; sourceTree = "<group>"; };
		91FAED0B2578D56600620608 /* ServicesGroup.swift */ = {isa = PBXFileReference; lastKnownFileType = sourcecode.swift; path = ServicesGroup.swift; sourceTree = "<group>"; };
		91FAED112578D58300620608 /* ServicesLoader.swift */ = {isa = PBXFileReference; lastKnownFileType = sourcecode.swift; path = ServicesLoader.swift; sourceTree = "<group>"; };
		91FAED1C2579131F00620608 /* BookingParameters.swift */ = {isa = PBXFileReference; lastKnownFileType = sourcecode.swift; path = BookingParameters.swift; sourceTree = "<group>"; };
		B2FEA73F7C9E30EAE3C53311 /* Pods_HotelionMain_HotelionCommon.framework */ = {isa = PBXFileReference; explicitFileType = wrapper.framework; includeInIndex = 0; path = Pods_HotelionMain_HotelionCommon.framework; sourceTree = BUILT_PRODUCTS_DIR; };
		E390963F2AB80B4DD16AAE6F /* Pods-HotelionMain-HotelionCommon.release.xcconfig */ = {isa = PBXFileReference; includeInIndex = 1; lastKnownFileType = text.xcconfig; name = "Pods-HotelionMain-HotelionCommon.release.xcconfig"; path = "Target Support Files/Pods-HotelionMain-HotelionCommon/Pods-HotelionMain-HotelionCommon.release.xcconfig"; sourceTree = "<group>"; };
/* End PBXFileReference section */

/* Begin PBXFrameworksBuildPhase section */
		91DBCB5E255AA1FC00B59668 /* Frameworks */ = {
			isa = PBXFrameworksBuildPhase;
			buildActionMask = 2147483647;
			files = (
				7AB21872B0CE0F92E57EB5AE /* Pods_HotelionMain_HotelionCommon.framework in Frameworks */,
			);
			runOnlyForDeploymentPostprocessing = 0;
		};
		91DBCB67255AA1FD00B59668 /* Frameworks */ = {
			isa = PBXFrameworksBuildPhase;
			buildActionMask = 2147483647;
			files = (
				91DBCB6B255AA1FD00B59668 /* HotelionCommon.framework in Frameworks */,
			);
			runOnlyForDeploymentPostprocessing = 0;
		};
/* End PBXFrameworksBuildPhase section */

/* Begin PBXGroup section */
		9104344A256E92940035A9BF /* TabBarItem */ = {
			isa = PBXGroup;
			children = (
				91043445256E92910035A9BF /* MainTab.swift */,
			);
			path = TabBarItem;
			sourceTree = "<group>";
		};
		911DBC6825C2F41800AEC184 /* OrdersLoader */ = {
			isa = PBXGroup;
			children = (
				911DBC6925C2F43A00AEC184 /* OrdersLoader.swift */,
			);
			path = OrdersLoader;
			sourceTree = "<group>";
		};
		911FDC4925B72515005A3057 /* Hotel */ = {
			isa = PBXGroup;
			children = (
				911FDC4525B72512005A3057 /* Hotel.swift */,
				911FDC4E25B72599005A3057 /* Room.swift */,
			);
			path = Hotel;
			sourceTree = "<group>";
		};
		91241E3E255D1FA400643663 /* RestApi */ = {
			isa = PBXGroup;
			children = (
				91241E85255D336000643663 /* RestApiHeaders */,
				91241E3F255D1FA400643663 /* RestApiConstants */,
				91241E47255D1FA400643663 /* RestApiErrors */,
				91241E56255D237000643663 /* RestApiParameters */,
				91241E43255D1FA400643663 /* RestApiMethods */,
			);
			path = RestApi;
			sourceTree = "<group>";
		};
		91241E3F255D1FA400643663 /* RestApiConstants */ = {
			isa = PBXGroup;
			children = (
				91241E40255D1FA400643663 /* RestApiConstants.swift */,
			);
			path = RestApiConstants;
			sourceTree = "<group>";
		};
		91241E43255D1FA400643663 /* RestApiMethods */ = {
			isa = PBXGroup;
			children = (
				91241E44255D1FA400643663 /* AuthRestApiMethods.swift */,
				911FDC3B25B723DF005A3057 /* HotelRestApiMethods.swift */,
				91F0F58325628610001A546E /* ServiceGroupRestApiMethods.swift */,
				9195BED02574DE2C003A462D /* ServiceRestApiMethods.swift */,
				913661E8256FB24200089355 /* BookingRestApiMethods.swift */,
				911DBC5E25C2F0C300AEC184 /* OrderRestApiMethods.swift */,
			);
			path = RestApiMethods;
			sourceTree = "<group>";
		};
		91241E47255D1FA400643663 /* RestApiErrors */ = {
			isa = PBXGroup;
			children = (
				91241E48255D1FA400643663 /* CustomRestApiError.swift */,
			);
			path = RestApiErrors;
			sourceTree = "<group>";
		};
		91241E56255D237000643663 /* RestApiParameters */ = {
			isa = PBXGroup;
			children = (
				91241E57255D238300643663 /* AuthParameters.swift */,
				911FDC4125B7240C005A3057 /* HotelParameters.swift */,
				913E56AC25B731540015899B /* UserParameters.swift */,
				91FAED1C2579131F00620608 /* BookingParameters.swift */,
				911DBC6225C2F0D200AEC184 /* OrderParameters.swift */,
				9167ADEC25B821A400A5DCB2 /* BookingRequestParameters.swift */,
				9195BECC2574DDE6003A462D /* ServiceParameters.swift */,
			);
			path = RestApiParameters;
			sourceTree = "<group>";
		};
		91241E76255D2D5600643663 /* Models */ = {
			isa = PBXGroup;
			children = (
				9169C32625BAFEEE0096087D /* ShortUserInfo */,
				9167ADF025B8231600A5DCB2 /* BookingRequest */,
				91F0083725AF0295001C9295 /* Order */,
				91FAED052578D53000620608 /* Services */,
				91FAED032578D51F00620608 /* User */,
				91FAED042578D52900620608 /* Booking */,
				911FDC4925B72515005A3057 /* Hotel */,
			);
			path = Models;
			sourceTree = "<group>";
		};
		91241E85255D336000643663 /* RestApiHeaders */ = {
			isa = PBXGroup;
			children = (
				91241E86255D337E00643663 /* RestApiMethod+Headers.swift */,
			);
			path = RestApiHeaders;
			sourceTree = "<group>";
		};
		913661D8256FAE1C00089355 /* Services */ = {
			isa = PBXGroup;
			children = (
				91241E3E255D1FA400643663 /* RestApi */,
				91A56A0E257A62C900DB0C3B /* KeychainService */,
				9167AE0025B8716B00A5DCB2 /* HotelLoader */,
				91FAED152578D58600620608 /* ServicesLoader */,
				91A56A11257A62DD00DB0C3B /* BookingsLoader */,
				9167AE3F25B8927800A5DCB2 /* BookingRequestsLoader */,
				911DBC6825C2F41800AEC184 /* OrdersLoader */,
			);
			path = Services;
			sourceTree = "<group>";
		};
		91584A64255BE20E00AF07C7 /* Formatters */ = {
			isa = PBXGroup;
			children = (
				91584A65255BE20E00AF07C7 /* PercentFormatter.swift */,
				91584A66255BE20E00AF07C7 /* NLettersAbbrevationFormatter.swift */,
				91584A67255BE20E00AF07C7 /* DecimalFormatter.swift */,
				91584A68255BE20E00AF07C7 /* DoubleFormatter.swift */,
				91584A69255BE20E00AF07C7 /* NLettersPercentFormatter.swift */,
				91584A6A255BE20E00AF07C7 /* AbbrevationFormatter.swift */,
			);
			path = Formatters;
			sourceTree = "<group>";
		};
		91584A6B255BE20E00AF07C7 /* Validators */ = {
			isa = PBXGroup;
			children = (
				91584A6C255BE20E00AF07C7 /* EmailValidator.swift */,
				91584A6D255BE20E00AF07C7 /* PhoneNumberValidator.swift */,
				91584A6E255BE20E00AF07C7 /* Validator.swift */,
				91584A6F255BE20E00AF07C7 /* PasswordValidator.swift */,
				91584A70255BE20E00AF07C7 /* TextValidator.swift */,
				91DD49D925BF1843005AA8EA /* PassportNumberValidator.swift */,
				91584A71255BE20E00AF07C7 /* CodeValidator.swift */,
				91C6780625C167D6003BDF19 /* DateOfBirthValidator.swift */,
			);
			path = Validators;
			sourceTree = "<group>";
		};
		91584A8A255BE3FB00AF07C7 /* UI */ = {
			isa = PBXGroup;
			children = (
				9167AE2825B88EB600A5DCB2 /* MessageView */,
				9167ADF525B85AC400A5DCB2 /* HeaderView */,
				9104344A256E92940035A9BF /* TabBarItem */,
				91D3E06625659E5D001FB17D /* ContainerViewWithTitle */,
				9195BEF325762FC4003A462D /* Buttons */,
				9195BEF025762FBE003A462D /* CheckBox */,
				9195BEEF25762FAE003A462D /* Base */,
				9195BEEC25762FA2003A462D /* TextFields */,
			);
			path = UI;
			sourceTree = "<group>";
		};
		91584AA7255BE56300AF07C7 /* Extensions */ = {
			isa = PBXGroup;
			children = (
				91614C95255EBE620021417D /* ReusableCell.swift */,
				91584AA8255BE57500AF07C7 /* UIColor+Style.swift */,
				9104340C256E87E30035A9BF /* UIFont+Style.swift */,
				91584ADF255BE91A00AF07C7 /* UIView+Nib.swift */,
				91584AE3255BE94800AF07C7 /* UIApplication+TargetForPresentation.swift */,
				91584AE7255BEADC00AF07C7 /* Bundle+Modules.swift */,
				91C12D9D25666D0F00F0533D /* UIView+Shadow.swift */,
				91C6780A25C168E0003BDF19 /* Date+Extensions.swift */,
				9118FAAC25C4219E0033BEF4 /* UIAlertController+CustomView.swift */,
			);
			path = Extensions;
			sourceTree = "<group>";
		};
		91584AD1255BE8A000AF07C7 /* Helpers */ = {
			isa = PBXGroup;
			children = (
				91C677C925C163B9003BDF19 /* DateHelper */,
				91A56A18257A639C00DB0C3B /* AlertHelper */,
				91584AD2255BE8B100AF07C7 /* ActivityIndicatorHelper */,
				91A56A15257A62FE00DB0C3B /* NavigationItemFactory */,
				91A56A12257A62F200DB0C3B /* NotificationBannerHelper */,
			);
			path = Helpers;
			sourceTree = "<group>";
		};
		91584AD2255BE8B100AF07C7 /* ActivityIndicatorHelper */ = {
			isa = PBXGroup;
			children = (
				91584AD3255BE8B100AF07C7 /* ActivityIndicatorHelper.swift */,
				91584AD4255BE8B100AF07C7 /* ActivityIndicatorView.xib */,
				91584AD5255BE8B100AF07C7 /* ActivityIndicatorView.swift */,
				91584AD6255BE8B100AF07C7 /* DetailAnimable.swift */,
			);
			path = ActivityIndicatorHelper;
			sourceTree = "<group>";
		};
		9167ADF025B8231600A5DCB2 /* BookingRequest */ = {
			isa = PBXGroup;
			children = (
				9167ADF125B8233400A5DCB2 /* BookingRequest.swift */,
			);
			path = BookingRequest;
			sourceTree = "<group>";
		};
		9167ADF525B85AC400A5DCB2 /* HeaderView */ = {
			isa = PBXGroup;
			children = (
				9167ADF625B85AD100A5DCB2 /* HeaderView.swift */,
				9167ADFC25B85ADA00A5DCB2 /* HeaderView.xib */,
			);
			path = HeaderView;
			sourceTree = "<group>";
		};
		9167AE0025B8716B00A5DCB2 /* HotelLoader */ = {
			isa = PBXGroup;
			children = (
				9167AE0125B8717C00A5DCB2 /* HotelLoader.swift */,
			);
			path = HotelLoader;
			sourceTree = "<group>";
		};
		9167AE2825B88EB600A5DCB2 /* MessageView */ = {
			isa = PBXGroup;
			children = (
				9167AE3725B8900900A5DCB2 /* MessageView.swift */,
				9167AE2D25B88ECD00A5DCB2 /* MessageView.xib */,
			);
			path = MessageView;
			sourceTree = "<group>";
		};
		9167AE3F25B8927800A5DCB2 /* BookingRequestsLoader */ = {
			isa = PBXGroup;
			children = (
				9167AE4025B8929200A5DCB2 /* BookingRequestsLoader.swift */,
			);
			path = BookingRequestsLoader;
			sourceTree = "<group>";
		};
		9169C32625BAFEEE0096087D /* ShortUserInfo */ = {
			isa = PBXGroup;
			children = (
				9169C32725BAFEFB0096087D /* ShortUserInfo.swift */,
			);
			path = ShortUserInfo;
			sourceTree = "<group>";
		};
		9195BEEC25762FA2003A462D /* TextFields */ = {
			isa = PBXGroup;
			children = (
				91584AEB255BEB9900AF07C7 /* SUTextField.swift */,
				91584BAA255BF68000AF07C7 /* SUPasswordTextField.swift */,
				91C677C425C15BB8003BDF19 /* SUDateTextField.swift */,
			);
			path = TextFields;
			sourceTree = "<group>";
		};
		9195BEEF25762FAE003A462D /* Base */ = {
			isa = PBXGroup;
			children = (
				91584A91255BE4CF00AF07C7 /* StateBackgroundColorButton.swift */,
				9195BF15257783B0003A462D /* BaseView */,
				91584B3E255BEE2400AF07C7 /* BaseScrollViewController.swift */,
			);
			path = Base;
			sourceTree = "<group>";
		};
		9195BEF025762FBE003A462D /* CheckBox */ = {
			isa = PBXGroup;
			children = (
				91584B01255BECD300AF07C7 /* CheckBoxView.swift */,
			);
			path = CheckBox;
			sourceTree = "<group>";
		};
		9195BEF325762FC4003A462D /* Buttons */ = {
			isa = PBXGroup;
			children = (
				91584A8B255BE4B600AF07C7 /* VioletButton.swift */,
			);
			path = Buttons;
			sourceTree = "<group>";
		};
		9195BF15257783B0003A462D /* BaseView */ = {
			isa = PBXGroup;
			children = (
				91584AFD255BECAE00AF07C7 /* BaseCustomView.swift */,
				9195BF18257783BE003A462D /* BaseTapableView.swift */,
				9195BF1C257783D6003A462D /* BaseSelectableView.swift */,
			);
			path = BaseView;
			sourceTree = "<group>";
		};
		91A56A0E257A62C900DB0C3B /* KeychainService */ = {
			isa = PBXGroup;
			children = (
				91241E81255D2ED800643663 /* KeychainService.swift */,
			);
			path = KeychainService;
			sourceTree = "<group>";
		};
		91A56A11257A62DD00DB0C3B /* BookingsLoader */ = {
			isa = PBXGroup;
			children = (
				91A569D6257A575000DB0C3B /* BookingsLoader.swift */,
			);
			path = BookingsLoader;
			sourceTree = "<group>";
		};
		91A56A12257A62F200DB0C3B /* NotificationBannerHelper */ = {
			isa = PBXGroup;
			children = (
				91241E72255D28EC00643663 /* NotificationBannerHelper.swift */,
			);
			path = NotificationBannerHelper;
			sourceTree = "<group>";
		};
		91A56A15257A62FE00DB0C3B /* NavigationItemFactory */ = {
			isa = PBXGroup;
			children = (
				91584B8F255BF43900AF07C7 /* NavigationItemFactory.swift */,
			);
			path = NavigationItemFactory;
			sourceTree = "<group>";
		};
		91A56A18257A639C00DB0C3B /* AlertHelper */ = {
			isa = PBXGroup;
			children = (
				91A56A19257A63A400DB0C3B /* AlertHelper.swift */,
			);
			path = AlertHelper;
			sourceTree = "<group>";
		};
		91C677C925C163B9003BDF19 /* DateHelper */ = {
			isa = PBXGroup;
			children = (
				91C677CA25C163D6003BDF19 /* DateHelper.swift */,
			);
			path = DateHelper;
			sourceTree = "<group>";
		};
		91D3E03425653F83001FB17D /* Coordinators */ = {
			isa = PBXGroup;
			children = (
				91D3E03525653F8F001FB17D /* BaseCoordinatorDelegate.swift */,
			);
			path = Coordinators;
			sourceTree = "<group>";
		};
		91D3E06625659E5D001FB17D /* ContainerViewWithTitle */ = {
			isa = PBXGroup;
			children = (
				91D3E07225659EF0001FB17D /* ContainerViewWithTitle.swift */,
				91D3E07325659EF0001FB17D /* ContainerViewWithTitle.xib */,
			);
			name = ContainerViewWithTitle;
			path = ../../../HotelionServices/HotelionServices/UI/ContainerViewWithTitle;
			sourceTree = "<group>";
		};
		91DBCB57255AA1FC00B59668 = {
			isa = PBXGroup;
			children = (
				91DBCB63255AA1FC00B59668 /* HotelionCommon */,
				91DBCB6E255AA1FD00B59668 /* HotelionCommonTests */,
				91DBCB62255AA1FC00B59668 /* Products */,
				D2DE882DE849F9892EAA6014 /* Pods */,
				A487AB35E633D65FE42FF8A6 /* Frameworks */,
			);
			sourceTree = "<group>";
		};
		91DBCB62255AA1FC00B59668 /* Products */ = {
			isa = PBXGroup;
			children = (
				91DBCB61255AA1FC00B59668 /* HotelionCommon.framework */,
				91DBCB6A255AA1FD00B59668 /* HotelionCommonTests.xctest */,
			);
			name = Products;
			sourceTree = "<group>";
		};
		91DBCB63255AA1FC00B59668 /* HotelionCommon */ = {
			isa = PBXGroup;
			children = (
				91D3E03425653F83001FB17D /* Coordinators */,
				913661D8256FAE1C00089355 /* Services */,
				91241E76255D2D5600643663 /* Models */,
				91584AD1255BE8A000AF07C7 /* Helpers */,
				91584AA7255BE56300AF07C7 /* Extensions */,
				91584A8A255BE3FB00AF07C7 /* UI */,
				91584A64255BE20E00AF07C7 /* Formatters */,
				91584A6B255BE20E00AF07C7 /* Validators */,
				91DBCB64255AA1FC00B59668 /* HotelionCommon.h */,
				91DBCB65255AA1FC00B59668 /* Info.plist */,
				91241DF6255C094900643663 /* Assets.xcassets */,
			);
			path = HotelionCommon;
			sourceTree = "<group>";
		};
		91DBCB6E255AA1FD00B59668 /* HotelionCommonTests */ = {
			isa = PBXGroup;
			children = (
				91DBCB6F255AA1FD00B59668 /* HotelionCommonTests.swift */,
				91DBCB71255AA1FD00B59668 /* Info.plist */,
			);
			path = HotelionCommonTests;
			sourceTree = "<group>";
		};
		91F0083725AF0295001C9295 /* Order */ = {
			isa = PBXGroup;
			children = (
				91F0083825AF02A2001C9295 /* Order.swift */,
			);
			path = Order;
			sourceTree = "<group>";
		};
		91FAED032578D51F00620608 /* User */ = {
			isa = PBXGroup;
			children = (
				91241E77255D2D6400643663 /* UserData.swift */,
				91241E7D255D2D6C00643663 /* User.swift */,
				9169C32225BAC6E90096087D /* PassportData.swift */,
			);
			path = User;
			sourceTree = "<group>";
		};
		91FAED042578D52900620608 /* Booking */ = {
			isa = PBXGroup;
			children = (
				913661DA256FAE5B00089355 /* Booking.swift */,
			);
			path = Booking;
			sourceTree = "<group>";
		};
		91FAED052578D53000620608 /* Services */ = {
			isa = PBXGroup;
			children = (
				91FAED062578D54E00620608 /* Service.swift */,
				91FAED0B2578D56600620608 /* ServicesGroup.swift */,
			);
			path = Services;
			sourceTree = "<group>";
		};
		91FAED152578D58600620608 /* ServicesLoader */ = {
			isa = PBXGroup;
			children = (
				91FAED112578D58300620608 /* ServicesLoader.swift */,
			);
			path = ServicesLoader;
			sourceTree = "<group>";
		};
		A487AB35E633D65FE42FF8A6 /* Frameworks */ = {
			isa = PBXGroup;
			children = (
				B2FEA73F7C9E30EAE3C53311 /* Pods_HotelionMain_HotelionCommon.framework */,
			);
			name = Frameworks;
			sourceTree = "<group>";
		};
		D2DE882DE849F9892EAA6014 /* Pods */ = {
			isa = PBXGroup;
			children = (
				0B08CF2E7479573722B2874B /* Pods-HotelionMain-HotelionCommon.debug.xcconfig */,
				E390963F2AB80B4DD16AAE6F /* Pods-HotelionMain-HotelionCommon.release.xcconfig */,
			);
			name = Pods;
			path = ../HotelionMain/Pods;
			sourceTree = "<group>";
		};
/* End PBXGroup section */

/* Begin PBXHeadersBuildPhase section */
		91DBCB5C255AA1FC00B59668 /* Headers */ = {
			isa = PBXHeadersBuildPhase;
			buildActionMask = 2147483647;
			files = (
				91DBCB72255AA1FD00B59668 /* HotelionCommon.h in Headers */,
			);
			runOnlyForDeploymentPostprocessing = 0;
		};
/* End PBXHeadersBuildPhase section */

/* Begin PBXNativeTarget section */
		91DBCB60255AA1FC00B59668 /* HotelionCommon */ = {
			isa = PBXNativeTarget;
			buildConfigurationList = 91DBCB75255AA1FD00B59668 /* Build configuration list for PBXNativeTarget "HotelionCommon" */;
			buildPhases = (
				B4399D99C2BA1F5A033613FE /* [CP] Check Pods Manifest.lock */,
				91DBCB5C255AA1FC00B59668 /* Headers */,
				91DBCB5D255AA1FC00B59668 /* Sources */,
				91DBCB5E255AA1FC00B59668 /* Frameworks */,
				91DBCB5F255AA1FC00B59668 /* Resources */,
			);
			buildRules = (
			);
			dependencies = (
			);
			name = HotelionCommon;
			productName = HotelionCommon;
			productReference = 91DBCB61255AA1FC00B59668 /* HotelionCommon.framework */;
			productType = "com.apple.product-type.framework";
		};
		91DBCB69255AA1FD00B59668 /* HotelionCommonTests */ = {
			isa = PBXNativeTarget;
			buildConfigurationList = 91DBCB78255AA1FD00B59668 /* Build configuration list for PBXNativeTarget "HotelionCommonTests" */;
			buildPhases = (
				91DBCB66255AA1FD00B59668 /* Sources */,
				91DBCB67255AA1FD00B59668 /* Frameworks */,
				91DBCB68255AA1FD00B59668 /* Resources */,
			);
			buildRules = (
			);
			dependencies = (
				91DBCB6D255AA1FD00B59668 /* PBXTargetDependency */,
			);
			name = HotelionCommonTests;
			productName = HotelionCommonTests;
			productReference = 91DBCB6A255AA1FD00B59668 /* HotelionCommonTests.xctest */;
			productType = "com.apple.product-type.bundle.unit-test";
		};
/* End PBXNativeTarget section */

/* Begin PBXProject section */
		91DBCB58255AA1FC00B59668 /* Project object */ = {
			isa = PBXProject;
			attributes = {
				LastSwiftUpdateCheck = 1200;
				LastUpgradeCheck = 1200;
				TargetAttributes = {
					91DBCB60255AA1FC00B59668 = {
						CreatedOnToolsVersion = 12.0;
					};
					91DBCB69255AA1FD00B59668 = {
						CreatedOnToolsVersion = 12.0;
					};
				};
			};
			buildConfigurationList = 91DBCB5B255AA1FC00B59668 /* Build configuration list for PBXProject "HotelionCommon" */;
			compatibilityVersion = "Xcode 9.3";
			developmentRegion = en;
			hasScannedForEncodings = 0;
			knownRegions = (
				en,
				Base,
			);
			mainGroup = 91DBCB57255AA1FC00B59668;
			productRefGroup = 91DBCB62255AA1FC00B59668 /* Products */;
			projectDirPath = "";
			projectRoot = "";
			targets = (
				91DBCB60255AA1FC00B59668 /* HotelionCommon */,
				91DBCB69255AA1FD00B59668 /* HotelionCommonTests */,
			);
		};
/* End PBXProject section */

/* Begin PBXResourcesBuildPhase section */
		91DBCB5F255AA1FC00B59668 /* Resources */ = {
			isa = PBXResourcesBuildPhase;
			buildActionMask = 2147483647;
			files = (
				91D3E07525659EF0001FB17D /* ContainerViewWithTitle.xib in Resources */,
				91241DF7255C094900643663 /* Assets.xcassets in Resources */,
				9167AE2E25B88ECD00A5DCB2 /* MessageView.xib in Resources */,
				91584AD8255BE8B100AF07C7 /* ActivityIndicatorView.xib in Resources */,
				9167ADFD25B85ADA00A5DCB2 /* HeaderView.xib in Resources */,
			);
			runOnlyForDeploymentPostprocessing = 0;
		};
		91DBCB68255AA1FD00B59668 /* Resources */ = {
			isa = PBXResourcesBuildPhase;
			buildActionMask = 2147483647;
			files = (
			);
			runOnlyForDeploymentPostprocessing = 0;
		};
/* End PBXResourcesBuildPhase section */

/* Begin PBXShellScriptBuildPhase section */
		B4399D99C2BA1F5A033613FE /* [CP] Check Pods Manifest.lock */ = {
			isa = PBXShellScriptBuildPhase;
			buildActionMask = 2147483647;
			files = (
			);
			inputFileListPaths = (
			);
			inputPaths = (
				"${PODS_PODFILE_DIR_PATH}/Podfile.lock",
				"${PODS_ROOT}/Manifest.lock",
			);
			name = "[CP] Check Pods Manifest.lock";
			outputFileListPaths = (
			);
			outputPaths = (
				"$(DERIVED_FILE_DIR)/Pods-HotelionMain-HotelionCommon-checkManifestLockResult.txt",
			);
			runOnlyForDeploymentPostprocessing = 0;
			shellPath = /bin/sh;
			shellScript = "diff \"${PODS_PODFILE_DIR_PATH}/Podfile.lock\" \"${PODS_ROOT}/Manifest.lock\" > /dev/null\nif [ $? != 0 ] ; then\n    # print error to STDERR\n    echo \"error: The sandbox is not in sync with the Podfile.lock. Run 'pod install' or update your CocoaPods installation.\" >&2\n    exit 1\nfi\n# This output is used by Xcode 'outputs' to avoid re-running this script phase.\necho \"SUCCESS\" > \"${SCRIPT_OUTPUT_FILE_0}\"\n";
			showEnvVarsInLog = 0;
		};
/* End PBXShellScriptBuildPhase section */

/* Begin PBXSourcesBuildPhase section */
		91DBCB5D255AA1FC00B59668 /* Sources */ = {
			isa = PBXSourcesBuildPhase;
			buildActionMask = 2147483647;
			files = (
				911DBC6325C2F0D200AEC184 /* OrderParameters.swift in Sources */,
				91584AA9255BE57500AF07C7 /* UIColor+Style.swift in Sources */,
				91584A76255BE20E00AF07C7 /* NLettersPercentFormatter.swift in Sources */,
				91FAED122578D58300620608 /* ServicesLoader.swift in Sources */,
				91584AD7255BE8B100AF07C7 /* ActivityIndicatorHelper.swift in Sources */,
				91584AE0255BE91A00AF07C7 /* UIView+Nib.swift in Sources */,
				91584AE8255BEADC00AF07C7 /* Bundle+Modules.swift in Sources */,
				91614C96255EBE620021417D /* ReusableCell.swift in Sources */,
				9167ADF725B85AD100A5DCB2 /* HeaderView.swift in Sources */,
				91584A7A255BE20E00AF07C7 /* Validator.swift in Sources */,
				9167AE0225B8717C00A5DCB2 /* HotelLoader.swift in Sources */,
				9169C32825BAFEFB0096087D /* ShortUserInfo.swift in Sources */,
				911FDC4F25B72599005A3057 /* Room.swift in Sources */,
				91584AFE255BECAE00AF07C7 /* BaseCustomView.swift in Sources */,
				91A56A1A257A63A400DB0C3B /* AlertHelper.swift in Sources */,
				91584B02255BECD300AF07C7 /* CheckBoxView.swift in Sources */,
				91584BAB255BF68000AF07C7 /* SUPasswordTextField.swift in Sources */,
				91D3E03625653F8F001FB17D /* BaseCoordinatorDelegate.swift in Sources */,
				9167AE4125B8929200A5DCB2 /* BookingRequestsLoader.swift in Sources */,
				91C6780725C167D6003BDF19 /* DateOfBirthValidator.swift in Sources */,
				91584A78255BE20E00AF07C7 /* EmailValidator.swift in Sources */,
				91C677C525C15BB8003BDF19 /* SUDateTextField.swift in Sources */,
				9167AE3825B8900900A5DCB2 /* MessageView.swift in Sources */,
				91241E4B255D1FA400643663 /* AuthRestApiMethods.swift in Sources */,
				91584A7D255BE20E00AF07C7 /* CodeValidator.swift in Sources */,
				91241E58255D238300643663 /* AuthParameters.swift in Sources */,
				91584A92255BE4CF00AF07C7 /* StateBackgroundColorButton.swift in Sources */,
				91241E87255D337E00643663 /* RestApiMethod+Headers.swift in Sources */,
				91F0F58425628610001A546E /* ServiceGroupRestApiMethods.swift in Sources */,
				91584A72255BE20E00AF07C7 /* PercentFormatter.swift in Sources */,
				911FDC3C25B723DF005A3057 /* HotelRestApiMethods.swift in Sources */,
				9195BED12574DE2C003A462D /* ServiceRestApiMethods.swift in Sources */,
				91C677CB25C163D6003BDF19 /* DateHelper.swift in Sources */,
				913661DB256FAE5B00089355 /* Booking.swift in Sources */,
				91FAED1D2579131F00620608 /* BookingParameters.swift in Sources */,
				91584A73255BE20E00AF07C7 /* NLettersAbbrevationFormatter.swift in Sources */,
				9195BECD2574DDE6003A462D /* ServiceParameters.swift in Sources */,
				91F0083925AF02A2001C9295 /* Order.swift in Sources */,
				91241E4D255D1FA400643663 /* CustomRestApiError.swift in Sources */,
				91584A74255BE20E00AF07C7 /* DecimalFormatter.swift in Sources */,
				9169C32325BAC6E90096087D /* PassportData.swift in Sources */,
				91241E82255D2ED800643663 /* KeychainService.swift in Sources */,
				91584A77255BE20E00AF07C7 /* AbbrevationFormatter.swift in Sources */,
				9195BF19257783BE003A462D /* BaseTapableView.swift in Sources */,
				91584A7B255BE20E00AF07C7 /* PasswordValidator.swift in Sources */,
				91043446256E92910035A9BF /* MainTab.swift in Sources */,
				91584A8C255BE4B600AF07C7 /* VioletButton.swift in Sources */,
				91241E49255D1FA400643663 /* RestApiConstants.swift in Sources */,
				91C12D9E25666D0F00F0533D /* UIView+Shadow.swift in Sources */,
				9167ADED25B821A400A5DCB2 /* BookingRequestParameters.swift in Sources */,
				9118FAAD25C4219E0033BEF4 /* UIAlertController+CustomView.swift in Sources */,
				911DBC6A25C2F43A00AEC184 /* OrdersLoader.swift in Sources */,
				9195BF1D257783D6003A462D /* BaseSelectableView.swift in Sources */,
				91FAED0C2578D56600620608 /* ServicesGroup.swift in Sources */,
				9167ADF225B8233400A5DCB2 /* BookingRequest.swift in Sources */,
				91241E73255D28EC00643663 /* NotificationBannerHelper.swift in Sources */,
				91584A7C255BE20E00AF07C7 /* TextValidator.swift in Sources */,
				911DBC5F25C2F0C300AEC184 /* OrderRestApiMethods.swift in Sources */,
				911FDC4225B7240C005A3057 /* HotelParameters.swift in Sources */,
				91241E7E255D2D6C00643663 /* User.swift in Sources */,
				91A569D7257A575000DB0C3B /* BookingsLoader.swift in Sources */,
				91C6780B25C168E0003BDF19 /* Date+Extensions.swift in Sources */,
				91584A79255BE20E00AF07C7 /* PhoneNumberValidator.swift in Sources */,
				91584AEC255BEB9900AF07C7 /* SUTextField.swift in Sources */,
				91584A75255BE20E00AF07C7 /* DoubleFormatter.swift in Sources */,
				91DD49DA25BF1843005AA8EA /* PassportNumberValidator.swift in Sources */,
				91241E78255D2D6400643663 /* UserData.swift in Sources */,
				91584AD9255BE8B100AF07C7 /* ActivityIndicatorView.swift in Sources */,
				9104340D256E87E30035A9BF /* UIFont+Style.swift in Sources */,
				91584B3F255BEE2400AF07C7 /* BaseScrollViewController.swift in Sources */,
				91FAED072578D54E00620608 /* Service.swift in Sources */,
				913661E9256FB24200089355 /* BookingRestApiMethods.swift in Sources */,
				91D3E07425659EF0001FB17D /* ContainerViewWithTitle.swift in Sources */,
				91584ADA255BE8B100AF07C7 /* DetailAnimable.swift in Sources */,
				91584AE4255BE94800AF07C7 /* UIApplication+TargetForPresentation.swift in Sources */,
				913E56AD25B731540015899B /* UserParameters.swift in Sources */,
				911FDC4625B72512005A3057 /* Hotel.swift in Sources */,
				91584B90255BF43900AF07C7 /* NavigationItemFactory.swift in Sources */,
			);
			runOnlyForDeploymentPostprocessing = 0;
		};
		91DBCB66255AA1FD00B59668 /* Sources */ = {
			isa = PBXSourcesBuildPhase;
			buildActionMask = 2147483647;
			files = (
				91DBCB70255AA1FD00B59668 /* HotelionCommonTests.swift in Sources */,
			);
			runOnlyForDeploymentPostprocessing = 0;
		};
/* End PBXSourcesBuildPhase section */

/* Begin PBXTargetDependency section */
		91DBCB6D255AA1FD00B59668 /* PBXTargetDependency */ = {
			isa = PBXTargetDependency;
			target = 91DBCB60255AA1FC00B59668 /* HotelionCommon */;
			targetProxy = 91DBCB6C255AA1FD00B59668 /* PBXContainerItemProxy */;
		};
/* End PBXTargetDependency section */

/* Begin XCBuildConfiguration section */
		91DBCB73255AA1FD00B59668 /* Debug */ = {
			isa = XCBuildConfiguration;
			buildSettings = {
				ALWAYS_SEARCH_USER_PATHS = NO;
				CLANG_ANALYZER_NONNULL = YES;
				CLANG_ANALYZER_NUMBER_OBJECT_CONVERSION = YES_AGGRESSIVE;
				CLANG_CXX_LANGUAGE_STANDARD = "gnu++14";
				CLANG_CXX_LIBRARY = "libc++";
				CLANG_ENABLE_MODULES = YES;
				CLANG_ENABLE_OBJC_ARC = YES;
				CLANG_ENABLE_OBJC_WEAK = YES;
				CLANG_WARN_BLOCK_CAPTURE_AUTORELEASING = YES;
				CLANG_WARN_BOOL_CONVERSION = YES;
				CLANG_WARN_COMMA = YES;
				CLANG_WARN_CONSTANT_CONVERSION = YES;
				CLANG_WARN_DEPRECATED_OBJC_IMPLEMENTATIONS = YES;
				CLANG_WARN_DIRECT_OBJC_ISA_USAGE = YES_ERROR;
				CLANG_WARN_DOCUMENTATION_COMMENTS = YES;
				CLANG_WARN_EMPTY_BODY = YES;
				CLANG_WARN_ENUM_CONVERSION = YES;
				CLANG_WARN_INFINITE_RECURSION = YES;
				CLANG_WARN_INT_CONVERSION = YES;
				CLANG_WARN_NON_LITERAL_NULL_CONVERSION = YES;
				CLANG_WARN_OBJC_IMPLICIT_RETAIN_SELF = YES;
				CLANG_WARN_OBJC_LITERAL_CONVERSION = YES;
				CLANG_WARN_OBJC_ROOT_CLASS = YES_ERROR;
				CLANG_WARN_QUOTED_INCLUDE_IN_FRAMEWORK_HEADER = YES;
				CLANG_WARN_RANGE_LOOP_ANALYSIS = YES;
				CLANG_WARN_STRICT_PROTOTYPES = YES;
				CLANG_WARN_SUSPICIOUS_MOVE = YES;
				CLANG_WARN_UNGUARDED_AVAILABILITY = YES_AGGRESSIVE;
				CLANG_WARN_UNREACHABLE_CODE = YES;
				CLANG_WARN__DUPLICATE_METHOD_MATCH = YES;
				COPY_PHASE_STRIP = NO;
				CURRENT_PROJECT_VERSION = 1;
				DEBUG_INFORMATION_FORMAT = dwarf;
				ENABLE_STRICT_OBJC_MSGSEND = YES;
				ENABLE_TESTABILITY = YES;
				GCC_C_LANGUAGE_STANDARD = gnu11;
				GCC_DYNAMIC_NO_PIC = NO;
				GCC_NO_COMMON_BLOCKS = YES;
				GCC_OPTIMIZATION_LEVEL = 0;
				GCC_PREPROCESSOR_DEFINITIONS = (
					"DEBUG=1",
					"$(inherited)",
				);
				GCC_WARN_64_TO_32_BIT_CONVERSION = YES;
				GCC_WARN_ABOUT_RETURN_TYPE = YES_ERROR;
				GCC_WARN_UNDECLARED_SELECTOR = YES;
				GCC_WARN_UNINITIALIZED_AUTOS = YES_AGGRESSIVE;
				GCC_WARN_UNUSED_FUNCTION = YES;
				GCC_WARN_UNUSED_VARIABLE = YES;
				IPHONEOS_DEPLOYMENT_TARGET = 14.0;
				MTL_ENABLE_DEBUG_INFO = INCLUDE_SOURCE;
				MTL_FAST_MATH = YES;
				ONLY_ACTIVE_ARCH = YES;
				SDKROOT = iphoneos;
				SWIFT_ACTIVE_COMPILATION_CONDITIONS = DEBUG;
				SWIFT_OPTIMIZATION_LEVEL = "-Onone";
				VERSIONING_SYSTEM = "apple-generic";
				VERSION_INFO_PREFIX = "";
			};
			name = Debug;
		};
		91DBCB74255AA1FD00B59668 /* Release */ = {
			isa = XCBuildConfiguration;
			buildSettings = {
				ALWAYS_SEARCH_USER_PATHS = NO;
				CLANG_ANALYZER_NONNULL = YES;
				CLANG_ANALYZER_NUMBER_OBJECT_CONVERSION = YES_AGGRESSIVE;
				CLANG_CXX_LANGUAGE_STANDARD = "gnu++14";
				CLANG_CXX_LIBRARY = "libc++";
				CLANG_ENABLE_MODULES = YES;
				CLANG_ENABLE_OBJC_ARC = YES;
				CLANG_ENABLE_OBJC_WEAK = YES;
				CLANG_WARN_BLOCK_CAPTURE_AUTORELEASING = YES;
				CLANG_WARN_BOOL_CONVERSION = YES;
				CLANG_WARN_COMMA = YES;
				CLANG_WARN_CONSTANT_CONVERSION = YES;
				CLANG_WARN_DEPRECATED_OBJC_IMPLEMENTATIONS = YES;
				CLANG_WARN_DIRECT_OBJC_ISA_USAGE = YES_ERROR;
				CLANG_WARN_DOCUMENTATION_COMMENTS = YES;
				CLANG_WARN_EMPTY_BODY = YES;
				CLANG_WARN_ENUM_CONVERSION = YES;
				CLANG_WARN_INFINITE_RECURSION = YES;
				CLANG_WARN_INT_CONVERSION = YES;
				CLANG_WARN_NON_LITERAL_NULL_CONVERSION = YES;
				CLANG_WARN_OBJC_IMPLICIT_RETAIN_SELF = YES;
				CLANG_WARN_OBJC_LITERAL_CONVERSION = YES;
				CLANG_WARN_OBJC_ROOT_CLASS = YES_ERROR;
				CLANG_WARN_QUOTED_INCLUDE_IN_FRAMEWORK_HEADER = YES;
				CLANG_WARN_RANGE_LOOP_ANALYSIS = YES;
				CLANG_WARN_STRICT_PROTOTYPES = YES;
				CLANG_WARN_SUSPICIOUS_MOVE = YES;
				CLANG_WARN_UNGUARDED_AVAILABILITY = YES_AGGRESSIVE;
				CLANG_WARN_UNREACHABLE_CODE = YES;
				CLANG_WARN__DUPLICATE_METHOD_MATCH = YES;
				COPY_PHASE_STRIP = NO;
				CURRENT_PROJECT_VERSION = 1;
				DEBUG_INFORMATION_FORMAT = "dwarf-with-dsym";
				ENABLE_NS_ASSERTIONS = NO;
				ENABLE_STRICT_OBJC_MSGSEND = YES;
				GCC_C_LANGUAGE_STANDARD = gnu11;
				GCC_NO_COMMON_BLOCKS = YES;
				GCC_WARN_64_TO_32_BIT_CONVERSION = YES;
				GCC_WARN_ABOUT_RETURN_TYPE = YES_ERROR;
				GCC_WARN_UNDECLARED_SELECTOR = YES;
				GCC_WARN_UNINITIALIZED_AUTOS = YES_AGGRESSIVE;
				GCC_WARN_UNUSED_FUNCTION = YES;
				GCC_WARN_UNUSED_VARIABLE = YES;
				IPHONEOS_DEPLOYMENT_TARGET = 14.0;
				MTL_ENABLE_DEBUG_INFO = NO;
				MTL_FAST_MATH = YES;
				SDKROOT = iphoneos;
				SWIFT_COMPILATION_MODE = wholemodule;
				SWIFT_OPTIMIZATION_LEVEL = "-O";
				VALIDATE_PRODUCT = YES;
				VERSIONING_SYSTEM = "apple-generic";
				VERSION_INFO_PREFIX = "";
			};
			name = Release;
		};
		91DBCB76255AA1FD00B59668 /* Debug */ = {
			isa = XCBuildConfiguration;
			baseConfigurationReference = 0B08CF2E7479573722B2874B /* Pods-HotelionMain-HotelionCommon.debug.xcconfig */;
			buildSettings = {
				CODE_SIGN_STYLE = Automatic;
				DEFINES_MODULE = YES;
				DYLIB_COMPATIBILITY_VERSION = 1;
				DYLIB_CURRENT_VERSION = 1;
				DYLIB_INSTALL_NAME_BASE = "@rpath";
				INFOPLIST_FILE = HotelionCommon/Info.plist;
				INSTALL_PATH = "$(LOCAL_LIBRARY_DIR)/Frameworks";
				IPHONEOS_DEPLOYMENT_TARGET = 12.2;
				LD_RUNPATH_SEARCH_PATHS = (
					"$(inherited)",
					"@executable_path/Frameworks",
					"@loader_path/Frameworks",
				);
				PRODUCT_BUNDLE_IDENTIFIER = vp.HotelionCommon;
				PRODUCT_NAME = "$(TARGET_NAME:c99extidentifier)";
				SKIP_INSTALL = YES;
				SWIFT_VERSION = 5.0;
				TARGETED_DEVICE_FAMILY = "1,2";
			};
			name = Debug;
		};
		91DBCB77255AA1FD00B59668 /* Release */ = {
			isa = XCBuildConfiguration;
			baseConfigurationReference = E390963F2AB80B4DD16AAE6F /* Pods-HotelionMain-HotelionCommon.release.xcconfig */;
			buildSettings = {
				CODE_SIGN_STYLE = Automatic;
				DEFINES_MODULE = YES;
				DYLIB_COMPATIBILITY_VERSION = 1;
				DYLIB_CURRENT_VERSION = 1;
				DYLIB_INSTALL_NAME_BASE = "@rpath";
				INFOPLIST_FILE = HotelionCommon/Info.plist;
				INSTALL_PATH = "$(LOCAL_LIBRARY_DIR)/Frameworks";
				IPHONEOS_DEPLOYMENT_TARGET = 12.2;
				LD_RUNPATH_SEARCH_PATHS = (
					"$(inherited)",
					"@executable_path/Frameworks",
					"@loader_path/Frameworks",
				);
				PRODUCT_BUNDLE_IDENTIFIER = vp.HotelionCommon;
				PRODUCT_NAME = "$(TARGET_NAME:c99extidentifier)";
				SKIP_INSTALL = YES;
				SWIFT_VERSION = 5.0;
				TARGETED_DEVICE_FAMILY = "1,2";
			};
			name = Release;
		};
		91DBCB79255AA1FD00B59668 /* Debug */ = {
			isa = XCBuildConfiguration;
			buildSettings = {
				ALWAYS_EMBED_SWIFT_STANDARD_LIBRARIES = YES;
				CODE_SIGN_STYLE = Automatic;
				INFOPLIST_FILE = HotelionCommonTests/Info.plist;
				LD_RUNPATH_SEARCH_PATHS = (
					"$(inherited)",
					"@executable_path/Frameworks",
					"@loader_path/Frameworks",
				);
				PRODUCT_BUNDLE_IDENTIFIER = vp.HotelionCommonTests;
				PRODUCT_NAME = "$(TARGET_NAME)";
				SWIFT_VERSION = 5.0;
				TARGETED_DEVICE_FAMILY = "1,2";
			};
			name = Debug;
		};
		91DBCB7A255AA1FD00B59668 /* Release */ = {
			isa = XCBuildConfiguration;
			buildSettings = {
				ALWAYS_EMBED_SWIFT_STANDARD_LIBRARIES = YES;
				CODE_SIGN_STYLE = Automatic;
				INFOPLIST_FILE = HotelionCommonTests/Info.plist;
				LD_RUNPATH_SEARCH_PATHS = (
					"$(inherited)",
					"@executable_path/Frameworks",
					"@loader_path/Frameworks",
				);
				PRODUCT_BUNDLE_IDENTIFIER = vp.HotelionCommonTests;
				PRODUCT_NAME = "$(TARGET_NAME)";
				SWIFT_VERSION = 5.0;
				TARGETED_DEVICE_FAMILY = "1,2";
			};
			name = Release;
		};
/* End XCBuildConfiguration section */

/* Begin XCConfigurationList section */
		91DBCB5B255AA1FC00B59668 /* Build configuration list for PBXProject "HotelionCommon" */ = {
			isa = XCConfigurationList;
			buildConfigurations = (
				91DBCB73255AA1FD00B59668 /* Debug */,
				91DBCB74255AA1FD00B59668 /* Release */,
			);
			defaultConfigurationIsVisible = 0;
			defaultConfigurationName = Release;
		};
		91DBCB75255AA1FD00B59668 /* Build configuration list for PBXNativeTarget "HotelionCommon" */ = {
			isa = XCConfigurationList;
			buildConfigurations = (
				91DBCB76255AA1FD00B59668 /* Debug */,
				91DBCB77255AA1FD00B59668 /* Release */,
			);
			defaultConfigurationIsVisible = 0;
			defaultConfigurationName = Release;
		};
		91DBCB78255AA1FD00B59668 /* Build configuration list for PBXNativeTarget "HotelionCommonTests" */ = {
			isa = XCConfigurationList;
			buildConfigurations = (
				91DBCB79255AA1FD00B59668 /* Debug */,
				91DBCB7A255AA1FD00B59668 /* Release */,
			);
			defaultConfigurationIsVisible = 0;
			defaultConfigurationName = Release;
		};
/* End XCConfigurationList section */
	};
	rootObject = 91DBCB58255AA1FC00B59668 /* Project object */;
}
